// !$*UTF8*$!
{
	archiveVersion = 1;
	classes = {
	};
	objectVersion = 46;
	objects = {

/* Begin PBXBuildFile section */
		7E433E021EDC3EA100DD0327 /* dataPlist.plist in Resources */ = {isa = PBXBuildFile; fileRef = 7E433DF91EDC3EA100DD0327 /* dataPlist.plist */; };
		7E433E031EDC3EA100DD0327 /* EdgeChatViewController.m in Sources */ = {isa = PBXBuildFile; fileRef = 7E433DFB1EDC3EA100DD0327 /* EdgeChatViewController.m */; };
		7E433E041EDC3EA100DD0327 /* EdgeChatViewController.xib in Resources */ = {isa = PBXBuildFile; fileRef = 7E433DFC1EDC3EA100DD0327 /* EdgeChatViewController.xib */; };
		7E44DF0D1ED6B9BE005B6B26 /* EdgeForgetPassTWOViewController.m in Sources */ = {isa = PBXBuildFile; fileRef = 7E44DEFF1ED6B9BE005B6B26 /* EdgeForgetPassTWOViewController.m */; };
		7E44DF0E1ED6B9BE005B6B26 /* EdgeForgetPassTWOViewController.xib in Resources */ = {isa = PBXBuildFile; fileRef = 7E44DF001ED6B9BE005B6B26 /* EdgeForgetPassTWOViewController.xib */; };
		7E44DF0F1ED6B9BE005B6B26 /* EdgeForgetPasswardViewController.m in Sources */ = {isa = PBXBuildFile; fileRef = 7E44DF021ED6B9BE005B6B26 /* EdgeForgetPasswardViewController.m */; };
		7E44DF101ED6B9BE005B6B26 /* EdgeForgetPasswardViewController.xib in Resources */ = {isa = PBXBuildFile; fileRef = 7E44DF031ED6B9BE005B6B26 /* EdgeForgetPasswardViewController.xib */; };
		7E44DF111ED6B9BE005B6B26 /* EdgeLoginViewConViewController.m in Sources */ = {isa = PBXBuildFile; fileRef = 7E44DF051ED6B9BE005B6B26 /* EdgeLoginViewConViewController.m */; };
		7E44DF121ED6B9BE005B6B26 /* EdgeLoginViewConViewController.xib in Resources */ = {isa = PBXBuildFile; fileRef = 7E44DF061ED6B9BE005B6B26 /* EdgeLoginViewConViewController.xib */; };
		7E44DF131ED6B9BE005B6B26 /* EdgeRegisteredViewController.m in Sources */ = {isa = PBXBuildFile; fileRef = 7E44DF081ED6B9BE005B6B26 /* EdgeRegisteredViewController.m */; };
		7E44DF141ED6B9BE005B6B26 /* EdgeRegisteredViewController.xib in Resources */ = {isa = PBXBuildFile; fileRef = 7E44DF091ED6B9BE005B6B26 /* EdgeRegisteredViewController.xib */; };
		7E44DF151ED6B9BE005B6B26 /* EdgeResiterTwoViewController.m in Sources */ = {isa = PBXBuildFile; fileRef = 7E44DF0B1ED6B9BE005B6B26 /* EdgeResiterTwoViewController.m */; };
		7E44DF161ED6B9BE005B6B26 /* EdgeResiterTwoViewController.xib in Resources */ = {isa = PBXBuildFile; fileRef = 7E44DF0C1ED6B9BE005B6B26 /* EdgeResiterTwoViewController.xib */; };
		7E47CBC01ED5871000C9A552 /* EdgemoreViewController.m in Sources */ = {isa = PBXBuildFile; fileRef = 7E47CBBE1ED5871000C9A552 /* EdgemoreViewController.m */; };
		7E47CBC11ED5871000C9A552 /* EdgemoreViewController.xib in Resources */ = {isa = PBXBuildFile; fileRef = 7E47CBBF1ED5871000C9A552 /* EdgemoreViewController.xib */; };
		7E47CBD31ED6AF6800C9A552 /* AddressBook.framework in Frameworks */ = {isa = PBXBuildFile; fileRef = 7E47CBD21ED6AF6800C9A552 /* AddressBook.framework */; };
		7E47CBD51ED6AF6C00C9A552 /* AddressBookUI.framework in Frameworks */ = {isa = PBXBuildFile; fileRef = 7E47CBD41ED6AF6C00C9A552 /* AddressBookUI.framework */; };
		7E47CBD71ED6AF7400C9A552 /* AdSupport.framework in Frameworks */ = {isa = PBXBuildFile; fileRef = 7E47CBD61ED6AF7400C9A552 /* AdSupport.framework */; };
		7E47CBD91ED6AF8200C9A552 /* CoreTelephony.framework in Frameworks */ = {isa = PBXBuildFile; fileRef = 7E47CBD81ED6AF8200C9A552 /* CoreTelephony.framework */; };
		7E47CBDB1ED6AF9900C9A552 /* SystemConfiguration.framework in Frameworks */ = {isa = PBXBuildFile; fileRef = 7E47CBDA1ED6AF9900C9A552 /* SystemConfiguration.framework */; };
		7E47CBDD1ED6AFDB00C9A552 /* JavaScriptCore.framework in Frameworks */ = {isa = PBXBuildFile; fileRef = 7E47CBDC1ED6AFDB00C9A552 /* JavaScriptCore.framework */; };
		7E47CBDF1ED6B02200C9A552 /* MessageUI.framework in Frameworks */ = {isa = PBXBuildFile; fileRef = 7E47CBDE1ED6B02200C9A552 /* MessageUI.framework */; };
		7E47CBE11ED6B02F00C9A552 /* libc++.tbd in Frameworks */ = {isa = PBXBuildFile; fileRef = 7E47CBE01ED6B02F00C9A552 /* libc++.tbd */; };
		7E47CBE31ED6B03E00C9A552 /* libicucore.tbd in Frameworks */ = {isa = PBXBuildFile; fileRef = 7E47CBE21ED6B03E00C9A552 /* libicucore.tbd */; };
		7E47CBE51ED6B04700C9A552 /* libz.tbd in Frameworks */ = {isa = PBXBuildFile; fileRef = 7E47CBE41ED6B04700C9A552 /* libz.tbd */; };
		7E47CBF71ED6B3BC00C9A552 /* MOBFoundation.framework in Frameworks */ = {isa = PBXBuildFile; fileRef = 7E47CBE81ED6B3BC00C9A552 /* MOBFoundation.framework */; };
		7E47CBF81ED6B3BD00C9A552 /* MOBFoundationEx.framework in Frameworks */ = {isa = PBXBuildFile; fileRef = 7E47CBE91ED6B3BC00C9A552 /* MOBFoundationEx.framework */; };
		7E47CBF91ED6B3BD00C9A552 /* SMS_SDK.framework in Frameworks */ = {isa = PBXBuildFile; fileRef = 7E47CBEA1ED6B3BC00C9A552 /* SMS_SDK.framework */; };
		7E47CBFA1ED6B3BD00C9A552 /* SMSSDKUI.bundle in Resources */ = {isa = PBXBuildFile; fileRef = 7E47CBEB1ED6B3BC00C9A552 /* SMSSDKUI.bundle */; };
		7E47CBFB1ED6B3BD00C9A552 /* SVIndefiniteAnimatedView.m in Sources */ = {isa = PBXBuildFile; fileRef = 7E47CBEE1ED6B3BC00C9A552 /* SVIndefiniteAnimatedView.m */; };
		7E47CBFC1ED6B3BD00C9A552 /* SVProgressAnimatedView.m in Sources */ = {isa = PBXBuildFile; fileRef = 7E47CBF01ED6B3BC00C9A552 /* SVProgressAnimatedView.m */; };
		7E47CBFD1ED6B3BD00C9A552 /* SVProgressHUD.bundle in Resources */ = {isa = PBXBuildFile; fileRef = 7E47CBF21ED6B3BC00C9A552 /* SVProgressHUD.bundle */; };
		7E47CBFE1ED6B3BD00C9A552 /* SVProgressHUD.m in Sources */ = {isa = PBXBuildFile; fileRef = 7E47CBF41ED6B3BC00C9A552 /* SVProgressHUD.m */; };
		7E47CBFF1ED6B3BD00C9A552 /* SVRadialGradientLayer.m in Sources */ = {isa = PBXBuildFile; fileRef = 7E47CBF61ED6B3BC00C9A552 /* SVRadialGradientLayer.m */; };
		7E4B290D1ED071DF003DE423 /* EdgeContactViewController.m in Sources */ = {isa = PBXBuildFile; fileRef = 7E4B28E51ED071DF003DE423 /* EdgeContactViewController.m */; };
		7E4B290E1ED071DF003DE423 /* EdgeContacts.m in Sources */ = {isa = PBXBuildFile; fileRef = 7E4B28E81ED071DF003DE423 /* EdgeContacts.m */; };
		7E4B290F1ED071DF003DE423 /* EdgeGroup.m in Sources */ = {isa = PBXBuildFile; fileRef = 7E4B28EA1ED071DF003DE423 /* EdgeGroup.m */; };
		7E4B29101ED071DF003DE423 /* BRContactsCell.m in Sources */ = {isa = PBXBuildFile; fileRef = 7E4B28ED1ED071DF003DE423 /* BRContactsCell.m */; };
		7E4B29111ED071DF003DE423 /* EdgeDynamicViewController.m in Sources */ = {isa = PBXBuildFile; fileRef = 7E4B28F11ED071DF003DE423 /* EdgeDynamicViewController.m */; };
		7E4B29121ED071DF003DE423 /* EdgetopView.m in Sources */ = {isa = PBXBuildFile; fileRef = 7E4B28F51ED071DF003DE423 /* EdgetopView.m */; };
		7E4B29131ED071DF003DE423 /* EdgetopView.xib in Resources */ = {isa = PBXBuildFile; fileRef = 7E4B28F61ED071DF003DE423 /* EdgetopView.xib */; };
		7E4B29141ED071DF003DE423 /* EdgeInfomationViewController.m in Sources */ = {isa = PBXBuildFile; fileRef = 7E4B28FA1ED071DF003DE423 /* EdgeInfomationViewController.m */; };
		7E4B29151ED071DF003DE423 /* AppDelegate.m in Sources */ = {isa = PBXBuildFile; fileRef = 7E4B28FF1ED071DF003DE423 /* AppDelegate.m */; };
		7E4B29161ED071DF003DE423 /* UIBarButtonItem+EdgeExention.m in Sources */ = {isa = PBXBuildFile; fileRef = 7E4B29021ED071DF003DE423 /* UIBarButtonItem+EdgeExention.m */; };
		7E4B29171ED071DF003DE423 /* UIImage+EdgeImage.m in Sources */ = {isa = PBXBuildFile; fileRef = 7E4B29041ED071DF003DE423 /* UIImage+EdgeImage.m */; };
		7E4B29191ED071DF003DE423 /* EdgeRootTabBarViewController.m in Sources */ = {isa = PBXBuildFile; fileRef = 7E4B29091ED071DF003DE423 /* EdgeRootTabBarViewController.m */; };
		7E4B291A1ED071DF003DE423 /* json.plist in Resources */ = {isa = PBXBuildFile; fileRef = 7E4B290C1ED071DF003DE423 /* json.plist */; };
		7E72C43C1ECC4A4800C54296 /* main.m in Sources */ = {isa = PBXBuildFile; fileRef = 7E72C43B1ECC4A4800C54296 /* main.m */; };
		7E72C4471ECC4A4800C54296 /* Assets.xcassets in Resources */ = {isa = PBXBuildFile; fileRef = 7E72C4461ECC4A4800C54296 /* Assets.xcassets */; };
		7E72C4551ECC4A4800C54296 /* _QQTests.m in Sources */ = {isa = PBXBuildFile; fileRef = 7E72C4541ECC4A4800C54296 /* _QQTests.m */; };
		7E72C4601ECC4A4800C54296 /* _QQUITests.m in Sources */ = {isa = PBXBuildFile; fileRef = 7E72C45F1ECC4A4800C54296 /* _QQUITests.m */; };
		7EB78EAD1ED09F9B0011642C /* EdgeEditContactController.m in Sources */ = {isa = PBXBuildFile; fileRef = 7EB78EAC1ED09F9B0011642C /* EdgeEditContactController.m */; };
		C606CE021F2EB0FA00917F04 /* dataModel.m in Sources */ = {isa = PBXBuildFile; fileRef = C606CDFF1F2EB0FA00917F04 /* dataModel.m */; };
		C606CE031F2EB0FA00917F04 /* modelFream.m in Sources */ = {isa = PBXBuildFile; fileRef = C606CE011F2EB0FA00917F04 /* modelFream.m */; };
		C606CE0C1F2EB20900917F04 /* EdgeCustomTableViewCell.m in Sources */ = {isa = PBXBuildFile; fileRef = C606CE0B1F2EB20900917F04 /* EdgeCustomTableViewCell.m */; };
		C606CE401F2EB9AF00917F04 /* Info.plist in Resources */ = {isa = PBXBuildFile; fileRef = C606CE0F1F2EB9AF00917F04 /* Info.plist */; };
		C606CE411F2EB9AF00917F04 /* MJExtensionConst.m in Sources */ = {isa = PBXBuildFile; fileRef = C606CE121F2EB9AF00917F04 /* MJExtensionConst.m */; };
		C606CE421F2EB9AF00917F04 /* MJFoundation.m in Sources */ = {isa = PBXBuildFile; fileRef = C606CE141F2EB9AF00917F04 /* MJFoundation.m */; };
		C606CE431F2EB9AF00917F04 /* MJProperty.m in Sources */ = {isa = PBXBuildFile; fileRef = C606CE161F2EB9AF00917F04 /* MJProperty.m */; };
		C606CE441F2EB9AF00917F04 /* MJPropertyKey.m in Sources */ = {isa = PBXBuildFile; fileRef = C606CE181F2EB9AF00917F04 /* MJPropertyKey.m */; };
		C606CE451F2EB9AF00917F04 /* MJPropertyType.m in Sources */ = {isa = PBXBuildFile; fileRef = C606CE1A1F2EB9AF00917F04 /* MJPropertyType.m */; };
		C606CE461F2EB9AF00917F04 /* NSObject+MJClass.m in Sources */ = {isa = PBXBuildFile; fileRef = C606CE1C1F2EB9AF00917F04 /* NSObject+MJClass.m */; };
		C606CE471F2EB9AF00917F04 /* NSObject+MJCoding.m in Sources */ = {isa = PBXBuildFile; fileRef = C606CE1E1F2EB9AF00917F04 /* NSObject+MJCoding.m */; };
		C606CE481F2EB9AF00917F04 /* NSObject+MJKeyValue.m in Sources */ = {isa = PBXBuildFile; fileRef = C606CE201F2EB9AF00917F04 /* NSObject+MJKeyValue.m */; };
		C606CE491F2EB9AF00917F04 /* NSObject+MJProperty.m in Sources */ = {isa = PBXBuildFile; fileRef = C606CE221F2EB9AF00917F04 /* NSObject+MJProperty.m */; };
		C606CE4A1F2EB9AF00917F04 /* NSString+MJExtension.m in Sources */ = {isa = PBXBuildFile; fileRef = C606CE241F2EB9AF00917F04 /* NSString+MJExtension.m */; };
		C606CE4B1F2EB9AF00917F04 /* NSObject+SBJson.m in Sources */ = {isa = PBXBuildFile; fileRef = C606CE271F2EB9AF00917F04 /* NSObject+SBJson.m */; };
		C606CE4C1F2EB9AF00917F04 /* SBJsonParser.m in Sources */ = {isa = PBXBuildFile; fileRef = C606CE2A1F2EB9AF00917F04 /* SBJsonParser.m */; };
		C606CE4D1F2EB9AF00917F04 /* SBJsonStreamParser.m in Sources */ = {isa = PBXBuildFile; fileRef = C606CE2C1F2EB9AF00917F04 /* SBJsonStreamParser.m */; };
		C606CE4E1F2EB9AF00917F04 /* SBJsonStreamParserAccumulator.m in Sources */ = {isa = PBXBuildFile; fileRef = C606CE2E1F2EB9AF00917F04 /* SBJsonStreamParserAccumulator.m */; };
		C606CE4F1F2EB9AF00917F04 /* SBJsonStreamParserAdapter.m in Sources */ = {isa = PBXBuildFile; fileRef = C606CE301F2EB9AF00917F04 /* SBJsonStreamParserAdapter.m */; };
		C606CE501F2EB9AF00917F04 /* SBJsonStreamParserState.m in Sources */ = {isa = PBXBuildFile; fileRef = C606CE321F2EB9AF00917F04 /* SBJsonStreamParserState.m */; };
		C606CE511F2EB9AF00917F04 /* SBJsonStreamWriter.m in Sources */ = {isa = PBXBuildFile; fileRef = C606CE341F2EB9AF00917F04 /* SBJsonStreamWriter.m */; };
		C606CE521F2EB9AF00917F04 /* SBJsonStreamWriterAccumulator.m in Sources */ = {isa = PBXBuildFile; fileRef = C606CE361F2EB9AF00917F04 /* SBJsonStreamWriterAccumulator.m */; };
		C606CE531F2EB9AF00917F04 /* SBJsonStreamWriterState.m in Sources */ = {isa = PBXBuildFile; fileRef = C606CE381F2EB9AF00917F04 /* SBJsonStreamWriterState.m */; };
		C606CE541F2EB9AF00917F04 /* SBJsonTokeniser.m in Sources */ = {isa = PBXBuildFile; fileRef = C606CE3A1F2EB9AF00917F04 /* SBJsonTokeniser.m */; };
		C606CE551F2EB9AF00917F04 /* SBJsonUTF8Stream.m in Sources */ = {isa = PBXBuildFile; fileRef = C606CE3C1F2EB9AF00917F04 /* SBJsonUTF8Stream.m */; };
		C606CE561F2EB9AF00917F04 /* SBJsonWriter.m in Sources */ = {isa = PBXBuildFile; fileRef = C606CE3E1F2EB9AF00917F04 /* SBJsonWriter.m */; };
		C606CE5A1F2EB9FF00917F04 /* BaseFMDBOption.m in Sources */ = {isa = PBXBuildFile; fileRef = C606CE591F2EB9FF00917F04 /* BaseFMDBOption.m */; };
		C606CE5D1F2EBAE500917F04 /* EdgeInfoOptions.m in Sources */ = {isa = PBXBuildFile; fileRef = C606CE5C1F2EBAE500917F04 /* EdgeInfoOptions.m */; };
		C60C97281F283A6D007DEBAC /* EdgeRootViewController.m in Sources */ = {isa = PBXBuildFile; fileRef = C60C97271F283A6D007DEBAC /* EdgeRootViewController.m */; };
		C631D3EA1F2E1A4700B0E840 /* FMDatabase.m in Sources */ = {isa = PBXBuildFile; fileRef = C631D3E01F2E1A4700B0E840 /* FMDatabase.m */; };
		C631D3EB1F2E1A4700B0E840 /* FMDatabaseAdditions.m in Sources */ = {isa = PBXBuildFile; fileRef = C631D3E21F2E1A4700B0E840 /* FMDatabaseAdditions.m */; };
		C631D3EC1F2E1A4700B0E840 /* FMDatabasePool.m in Sources */ = {isa = PBXBuildFile; fileRef = C631D3E41F2E1A4700B0E840 /* FMDatabasePool.m */; };
		C631D3ED1F2E1A4700B0E840 /* FMDatabaseQueue.m in Sources */ = {isa = PBXBuildFile; fileRef = C631D3E61F2E1A4700B0E840 /* FMDatabaseQueue.m */; };
		C631D3EE1F2E1A4700B0E840 /* FMResultSet.m in Sources */ = {isa = PBXBuildFile; fileRef = C631D3E91F2E1A4700B0E840 /* FMResultSet.m */; };
		C631D3F11F2E1A6900B0E840 /* libsqlite3.0.tbd in Frameworks */ = {isa = PBXBuildFile; fileRef = C631D3F01F2E1A6900B0E840 /* libsqlite3.0.tbd */; };
		C634E5881F28A24A00CCE2F2 /* LeftSlideViewController.m in Sources */ = {isa = PBXBuildFile; fileRef = C634E5851F28A24A00CCE2F2 /* LeftSlideViewController.m */; };
		C634E5891F28A24A00CCE2F2 /* LeftSortsViewController.m in Sources */ = {isa = PBXBuildFile; fileRef = C634E5871F28A24A00CCE2F2 /* LeftSortsViewController.m */; };
		C634E5A41F28A28000CCE2F2 /* MASCompositeConstraint.m in Sources */ = {isa = PBXBuildFile; fileRef = C634E58C1F28A28000CCE2F2 /* MASCompositeConstraint.m */; };
		C634E5A51F28A28000CCE2F2 /* MASConstraint.m in Sources */ = {isa = PBXBuildFile; fileRef = C634E58F1F28A28000CCE2F2 /* MASConstraint.m */; };
		C634E5A61F28A28000CCE2F2 /* MASConstraintMaker.m in Sources */ = {isa = PBXBuildFile; fileRef = C634E5911F28A28000CCE2F2 /* MASConstraintMaker.m */; };
		C634E5A71F28A28000CCE2F2 /* MASLayoutConstraint.m in Sources */ = {isa = PBXBuildFile; fileRef = C634E5931F28A28000CCE2F2 /* MASLayoutConstraint.m */; };
		C634E5A81F28A28000CCE2F2 /* MASViewAttribute.m in Sources */ = {isa = PBXBuildFile; fileRef = C634E5971F28A28000CCE2F2 /* MASViewAttribute.m */; };
		C634E5A91F28A28000CCE2F2 /* MASViewConstraint.m in Sources */ = {isa = PBXBuildFile; fileRef = C634E5991F28A28000CCE2F2 /* MASViewConstraint.m */; };
		C634E5AA1F28A28000CCE2F2 /* NSArray+MASAdditions.m in Sources */ = {isa = PBXBuildFile; fileRef = C634E59B1F28A28000CCE2F2 /* NSArray+MASAdditions.m */; };
		C634E5AB1F28A28000CCE2F2 /* NSLayoutConstraint+MASDebugAdditions.m in Sources */ = {isa = PBXBuildFile; fileRef = C634E59E1F28A28000CCE2F2 /* NSLayoutConstraint+MASDebugAdditions.m */; };
		C634E5AC1F28A28000CCE2F2 /* View+MASAdditions.m in Sources */ = {isa = PBXBuildFile; fileRef = C634E5A01F28A28000CCE2F2 /* View+MASAdditions.m */; };
		C634E5AD1F28A28000CCE2F2 /* ViewController+MASAdditions.m in Sources */ = {isa = PBXBuildFile; fileRef = C634E5A31F28A28000CCE2F2 /* ViewController+MASAdditions.m */; };
		C634E5B31F28A30100CCE2F2 /* UIView_extra.m in Sources */ = {isa = PBXBuildFile; fileRef = C634E5B21F28A30100CCE2F2 /* UIView_extra.m */; };
		DB471C2F208590E5001FFDA0 /* IMG_1503.PNG in Resources */ = {isa = PBXBuildFile; fileRef = DB471C26208590E5001FFDA0 /* IMG_1503.PNG */; };
		DB471C30208590E5001FFDA0 /* IMG_1504.PNG in Resources */ = {isa = PBXBuildFile; fileRef = DB471C27208590E5001FFDA0 /* IMG_1504.PNG */; };
		DB471C31208590E5001FFDA0 /* IMG_1505.PNG in Resources */ = {isa = PBXBuildFile; fileRef = DB471C28208590E5001FFDA0 /* IMG_1505.PNG */; };
		DB471C32208590E5001FFDA0 /* IMG_1506.PNG in Resources */ = {isa = PBXBuildFile; fileRef = DB471C29208590E5001FFDA0 /* IMG_1506.PNG */; };
		DB471C33208590E5001FFDA0 /* IMG_1507.PNG in Resources */ = {isa = PBXBuildFile; fileRef = DB471C2A208590E5001FFDA0 /* IMG_1507.PNG */; };
		DB471C34208590E5001FFDA0 /* IMG_1508.PNG in Resources */ = {isa = PBXBuildFile; fileRef = DB471C2B208590E5001FFDA0 /* IMG_1508.PNG */; };
		DB471C35208590E5001FFDA0 /* IMG_1510.PNG in Resources */ = {isa = PBXBuildFile; fileRef = DB471C2C208590E5001FFDA0 /* IMG_1510.PNG */; };
		DB471C36208590E5001FFDA0 /* IMG_1511.PNG in Resources */ = {isa = PBXBuildFile; fileRef = DB471C2D208590E5001FFDA0 /* IMG_1511.PNG */; };
		DB471C37208590E5001FFDA0 /* IMG_1512.PNG in Resources */ = {isa = PBXBuildFile; fileRef = DB471C2E208590E5001FFDA0 /* IMG_1512.PNG */; };
/* End PBXBuildFile section */

/* Begin PBXContainerItemProxy section */
		7E72C4511ECC4A4800C54296 /* PBXContainerItemProxy */ = {
			isa = PBXContainerItemProxy;
			containerPortal = 7E72C42F1ECC4A4700C54296 /* Project object */;
			proxyType = 1;
			remoteGlobalIDString = 7E72C4361ECC4A4700C54296;
			remoteInfo = "仿QQ";
		};
		7E72C45C1ECC4A4800C54296 /* PBXContainerItemProxy */ = {
			isa = PBXContainerItemProxy;
			containerPortal = 7E72C42F1ECC4A4700C54296 /* Project object */;
			proxyType = 1;
			remoteGlobalIDString = 7E72C4361ECC4A4700C54296;
			remoteInfo = "仿QQ";
		};
/* End PBXContainerItemProxy section */

/* Begin PBXFileReference section */
		7E433DF91EDC3EA100DD0327 /* dataPlist.plist */ = {isa = PBXFileReference; fileEncoding = 4; lastKnownFileType = text.plist.xml; name = dataPlist.plist; path = "../Infomation-消息/chat/dataPlist.plist"; sourceTree = "<group>"; };
		7E433DFA1EDC3EA100DD0327 /* EdgeChatViewController.h */ = {isa = PBXFileReference; fileEncoding = 4; lastKnownFileType = sourcecode.c.h; path = EdgeChatViewController.h; sourceTree = "<group>"; };
		7E433DFB1EDC3EA100DD0327 /* EdgeChatViewController.m */ = {isa = PBXFileReference; fileEncoding = 4; lastKnownFileType = sourcecode.c.objc; path = EdgeChatViewController.m; sourceTree = "<group>"; };
		7E433DFC1EDC3EA100DD0327 /* EdgeChatViewController.xib */ = {isa = PBXFileReference; fileEncoding = 4; lastKnownFileType = file.xib; path = EdgeChatViewController.xib; sourceTree = "<group>"; };
		7E44DEFE1ED6B9BE005B6B26 /* EdgeForgetPassTWOViewController.h */ = {isa = PBXFileReference; fileEncoding = 4; lastKnownFileType = sourcecode.c.h; path = EdgeForgetPassTWOViewController.h; sourceTree = "<group>"; };
		7E44DEFF1ED6B9BE005B6B26 /* EdgeForgetPassTWOViewController.m */ = {isa = PBXFileReference; fileEncoding = 4; lastKnownFileType = sourcecode.c.objc; path = EdgeForgetPassTWOViewController.m; sourceTree = "<group>"; };
		7E44DF001ED6B9BE005B6B26 /* EdgeForgetPassTWOViewController.xib */ = {isa = PBXFileReference; fileEncoding = 4; lastKnownFileType = file.xib; path = EdgeForgetPassTWOViewController.xib; sourceTree = "<group>"; };
		7E44DF011ED6B9BE005B6B26 /* EdgeForgetPasswardViewController.h */ = {isa = PBXFileReference; fileEncoding = 4; lastKnownFileType = sourcecode.c.h; path = EdgeForgetPasswardViewController.h; sourceTree = "<group>"; };
		7E44DF021ED6B9BE005B6B26 /* EdgeForgetPasswardViewController.m */ = {isa = PBXFileReference; fileEncoding = 4; lastKnownFileType = sourcecode.c.objc; path = EdgeForgetPasswardViewController.m; sourceTree = "<group>"; };
		7E44DF031ED6B9BE005B6B26 /* EdgeForgetPasswardViewController.xib */ = {isa = PBXFileReference; fileEncoding = 4; lastKnownFileType = file.xib; path = EdgeForgetPasswardViewController.xib; sourceTree = "<group>"; };
		7E44DF041ED6B9BE005B6B26 /* EdgeLoginViewConViewController.h */ = {isa = PBXFileReference; fileEncoding = 4; lastKnownFileType = sourcecode.c.h; path = EdgeLoginViewConViewController.h; sourceTree = "<group>"; };
		7E44DF051ED6B9BE005B6B26 /* EdgeLoginViewConViewController.m */ = {isa = PBXFileReference; fileEncoding = 4; lastKnownFileType = sourcecode.c.objc; path = EdgeLoginViewConViewController.m; sourceTree = "<group>"; };
		7E44DF061ED6B9BE005B6B26 /* EdgeLoginViewConViewController.xib */ = {isa = PBXFileReference; fileEncoding = 4; lastKnownFileType = file.xib; path = EdgeLoginViewConViewController.xib; sourceTree = "<group>"; };
		7E44DF071ED6B9BE005B6B26 /* EdgeRegisteredViewController.h */ = {isa = PBXFileReference; fileEncoding = 4; lastKnownFileType = sourcecode.c.h; path = EdgeRegisteredViewController.h; sourceTree = "<group>"; };
		7E44DF081ED6B9BE005B6B26 /* EdgeRegisteredViewController.m */ = {isa = PBXFileReference; fileEncoding = 4; lastKnownFileType = sourcecode.c.objc; path = EdgeRegisteredViewController.m; sourceTree = "<group>"; };
		7E44DF091ED6B9BE005B6B26 /* EdgeRegisteredViewController.xib */ = {isa = PBXFileReference; fileEncoding = 4; lastKnownFileType = file.xib; path = EdgeRegisteredViewController.xib; sourceTree = "<group>"; };
		7E44DF0A1ED6B9BE005B6B26 /* EdgeResiterTwoViewController.h */ = {isa = PBXFileReference; fileEncoding = 4; lastKnownFileType = sourcecode.c.h; path = EdgeResiterTwoViewController.h; sourceTree = "<group>"; };
		7E44DF0B1ED6B9BE005B6B26 /* EdgeResiterTwoViewController.m */ = {isa = PBXFileReference; fileEncoding = 4; lastKnownFileType = sourcecode.c.objc; path = EdgeResiterTwoViewController.m; sourceTree = "<group>"; };
		7E44DF0C1ED6B9BE005B6B26 /* EdgeResiterTwoViewController.xib */ = {isa = PBXFileReference; fileEncoding = 4; lastKnownFileType = file.xib; path = EdgeResiterTwoViewController.xib; sourceTree = "<group>"; };
		7E47CBBD1ED5871000C9A552 /* EdgemoreViewController.h */ = {isa = PBXFileReference; fileEncoding = 4; lastKnownFileType = sourcecode.c.h; name = EdgemoreViewController.h; path = "../../Dynamic-动态/Controller/EdgemoreViewController.h"; sourceTree = "<group>"; };
		7E47CBBE1ED5871000C9A552 /* EdgemoreViewController.m */ = {isa = PBXFileReference; fileEncoding = 4; lastKnownFileType = sourcecode.c.objc; name = EdgemoreViewController.m; path = "../../Dynamic-动态/Controller/EdgemoreViewController.m"; sourceTree = "<group>"; };
		7E47CBBF1ED5871000C9A552 /* EdgemoreViewController.xib */ = {isa = PBXFileReference; fileEncoding = 4; lastKnownFileType = file.xib; name = EdgemoreViewController.xib; path = "../../Dynamic-动态/Controller/EdgemoreViewController.xib"; sourceTree = "<group>"; };
		7E47CBD21ED6AF6800C9A552 /* AddressBook.framework */ = {isa = PBXFileReference; lastKnownFileType = wrapper.framework; name = AddressBook.framework; path = System/Library/Frameworks/AddressBook.framework; sourceTree = SDKROOT; };
		7E47CBD41ED6AF6C00C9A552 /* AddressBookUI.framework */ = {isa = PBXFileReference; lastKnownFileType = wrapper.framework; name = AddressBookUI.framework; path = System/Library/Frameworks/AddressBookUI.framework; sourceTree = SDKROOT; };
		7E47CBD61ED6AF7400C9A552 /* AdSupport.framework */ = {isa = PBXFileReference; lastKnownFileType = wrapper.framework; name = AdSupport.framework; path = System/Library/Frameworks/AdSupport.framework; sourceTree = SDKROOT; };
		7E47CBD81ED6AF8200C9A552 /* CoreTelephony.framework */ = {isa = PBXFileReference; lastKnownFileType = wrapper.framework; name = CoreTelephony.framework; path = System/Library/Frameworks/CoreTelephony.framework; sourceTree = SDKROOT; };
		7E47CBDA1ED6AF9900C9A552 /* SystemConfiguration.framework */ = {isa = PBXFileReference; lastKnownFileType = wrapper.framework; name = SystemConfiguration.framework; path = System/Library/Frameworks/SystemConfiguration.framework; sourceTree = SDKROOT; };
		7E47CBDC1ED6AFDB00C9A552 /* JavaScriptCore.framework */ = {isa = PBXFileReference; lastKnownFileType = wrapper.framework; name = JavaScriptCore.framework; path = System/Library/Frameworks/JavaScriptCore.framework; sourceTree = SDKROOT; };
		7E47CBDE1ED6B02200C9A552 /* MessageUI.framework */ = {isa = PBXFileReference; lastKnownFileType = wrapper.framework; name = MessageUI.framework; path = System/Library/Frameworks/MessageUI.framework; sourceTree = SDKROOT; };
		7E47CBE01ED6B02F00C9A552 /* libc++.tbd */ = {isa = PBXFileReference; lastKnownFileType = "sourcecode.text-based-dylib-definition"; name = "libc++.tbd"; path = "usr/lib/libc++.tbd"; sourceTree = SDKROOT; };
		7E47CBE21ED6B03E00C9A552 /* libicucore.tbd */ = {isa = PBXFileReference; lastKnownFileType = "sourcecode.text-based-dylib-definition"; name = libicucore.tbd; path = usr/lib/libicucore.tbd; sourceTree = SDKROOT; };
		7E47CBE41ED6B04700C9A552 /* libz.tbd */ = {isa = PBXFileReference; lastKnownFileType = "sourcecode.text-based-dylib-definition"; name = libz.tbd; path = usr/lib/libz.tbd; sourceTree = SDKROOT; };
		7E47CBE81ED6B3BC00C9A552 /* MOBFoundation.framework */ = {isa = PBXFileReference; lastKnownFileType = wrapper.framework; path = MOBFoundation.framework; sourceTree = "<group>"; };
		7E47CBE91ED6B3BC00C9A552 /* MOBFoundationEx.framework */ = {isa = PBXFileReference; lastKnownFileType = wrapper.framework; path = MOBFoundationEx.framework; sourceTree = "<group>"; };
		7E47CBEA1ED6B3BC00C9A552 /* SMS_SDK.framework */ = {isa = PBXFileReference; lastKnownFileType = wrapper.framework; path = SMS_SDK.framework; sourceTree = "<group>"; };
		7E47CBEB1ED6B3BC00C9A552 /* SMSSDKUI.bundle */ = {isa = PBXFileReference; lastKnownFileType = "wrapper.plug-in"; path = SMSSDKUI.bundle; sourceTree = "<group>"; };
		7E47CBED1ED6B3BC00C9A552 /* SVIndefiniteAnimatedView.h */ = {isa = PBXFileReference; fileEncoding = 4; lastKnownFileType = sourcecode.c.h; path = SVIndefiniteAnimatedView.h; sourceTree = "<group>"; };
		7E47CBEE1ED6B3BC00C9A552 /* SVIndefiniteAnimatedView.m */ = {isa = PBXFileReference; fileEncoding = 4; lastKnownFileType = sourcecode.c.objc; path = SVIndefiniteAnimatedView.m; sourceTree = "<group>"; };
		7E47CBEF1ED6B3BC00C9A552 /* SVProgressAnimatedView.h */ = {isa = PBXFileReference; fileEncoding = 4; lastKnownFileType = sourcecode.c.h; path = SVProgressAnimatedView.h; sourceTree = "<group>"; };
		7E47CBF01ED6B3BC00C9A552 /* SVProgressAnimatedView.m */ = {isa = PBXFileReference; fileEncoding = 4; lastKnownFileType = sourcecode.c.objc; path = SVProgressAnimatedView.m; sourceTree = "<group>"; };
		7E47CBF11ED6B3BC00C9A552 /* SVProgressHUD-Prefix.pch */ = {isa = PBXFileReference; fileEncoding = 4; lastKnownFileType = sourcecode.c.h; path = "SVProgressHUD-Prefix.pch"; sourceTree = "<group>"; };
		7E47CBF21ED6B3BC00C9A552 /* SVProgressHUD.bundle */ = {isa = PBXFileReference; lastKnownFileType = "wrapper.plug-in"; path = SVProgressHUD.bundle; sourceTree = "<group>"; };
		7E47CBF31ED6B3BC00C9A552 /* SVProgressHUD.h */ = {isa = PBXFileReference; fileEncoding = 4; lastKnownFileType = sourcecode.c.h; path = SVProgressHUD.h; sourceTree = "<group>"; };
		7E47CBF41ED6B3BC00C9A552 /* SVProgressHUD.m */ = {isa = PBXFileReference; fileEncoding = 4; lastKnownFileType = sourcecode.c.objc; path = SVProgressHUD.m; sourceTree = "<group>"; };
		7E47CBF51ED6B3BC00C9A552 /* SVRadialGradientLayer.h */ = {isa = PBXFileReference; fileEncoding = 4; lastKnownFileType = sourcecode.c.h; path = SVRadialGradientLayer.h; sourceTree = "<group>"; };
		7E47CBF61ED6B3BC00C9A552 /* SVRadialGradientLayer.m */ = {isa = PBXFileReference; fileEncoding = 4; lastKnownFileType = sourcecode.c.objc; path = SVRadialGradientLayer.m; sourceTree = "<group>"; };
		7E4B28E41ED071DF003DE423 /* EdgeContactViewController.h */ = {isa = PBXFileReference; fileEncoding = 4; lastKnownFileType = sourcecode.c.h; path = EdgeContactViewController.h; sourceTree = "<group>"; };
		7E4B28E51ED071DF003DE423 /* EdgeContactViewController.m */ = {isa = PBXFileReference; fileEncoding = 4; lastKnownFileType = sourcecode.c.objc; path = EdgeContactViewController.m; sourceTree = "<group>"; };
		7E4B28E71ED071DF003DE423 /* EdgeContacts.h */ = {isa = PBXFileReference; fileEncoding = 4; lastKnownFileType = sourcecode.c.h; path = EdgeContacts.h; sourceTree = "<group>"; };
		7E4B28E81ED071DF003DE423 /* EdgeContacts.m */ = {isa = PBXFileReference; fileEncoding = 4; lastKnownFileType = sourcecode.c.objc; path = EdgeContacts.m; sourceTree = "<group>"; };
		7E4B28E91ED071DF003DE423 /* EdgeGroup.h */ = {isa = PBXFileReference; fileEncoding = 4; lastKnownFileType = sourcecode.c.h; path = EdgeGroup.h; sourceTree = "<group>"; };
		7E4B28EA1ED071DF003DE423 /* EdgeGroup.m */ = {isa = PBXFileReference; fileEncoding = 4; lastKnownFileType = sourcecode.c.objc; path = EdgeGroup.m; sourceTree = "<group>"; };
		7E4B28EC1ED071DF003DE423 /* BRContactsCell.h */ = {isa = PBXFileReference; fileEncoding = 4; lastKnownFileType = sourcecode.c.h; path = BRContactsCell.h; sourceTree = "<group>"; };
		7E4B28ED1ED071DF003DE423 /* BRContactsCell.m */ = {isa = PBXFileReference; fileEncoding = 4; lastKnownFileType = sourcecode.c.objc; path = BRContactsCell.m; sourceTree = "<group>"; };
		7E4B28F01ED071DF003DE423 /* EdgeDynamicViewController.h */ = {isa = PBXFileReference; fileEncoding = 4; lastKnownFileType = sourcecode.c.h; path = EdgeDynamicViewController.h; sourceTree = "<group>"; };
		7E4B28F11ED071DF003DE423 /* EdgeDynamicViewController.m */ = {isa = PBXFileReference; fileEncoding = 4; lastKnownFileType = sourcecode.c.objc; path = EdgeDynamicViewController.m; sourceTree = "<group>"; };
		7E4B28F41ED071DF003DE423 /* EdgetopView.h */ = {isa = PBXFileReference; fileEncoding = 4; lastKnownFileType = sourcecode.c.h; path = EdgetopView.h; sourceTree = "<group>"; };
		7E4B28F51ED071DF003DE423 /* EdgetopView.m */ = {isa = PBXFileReference; fileEncoding = 4; lastKnownFileType = sourcecode.c.objc; path = EdgetopView.m; sourceTree = "<group>"; };
		7E4B28F61ED071DF003DE423 /* EdgetopView.xib */ = {isa = PBXFileReference; fileEncoding = 4; lastKnownFileType = file.xib; path = EdgetopView.xib; sourceTree = "<group>"; };
		7E4B28F91ED071DF003DE423 /* EdgeInfomationViewController.h */ = {isa = PBXFileReference; fileEncoding = 4; lastKnownFileType = sourcecode.c.h; path = EdgeInfomationViewController.h; sourceTree = "<group>"; };
		7E4B28FA1ED071DF003DE423 /* EdgeInfomationViewController.m */ = {isa = PBXFileReference; fileEncoding = 4; lastKnownFileType = sourcecode.c.objc; path = EdgeInfomationViewController.m; sourceTree = "<group>"; };
		7E4B28FE1ED071DF003DE423 /* AppDelegate.h */ = {isa = PBXFileReference; fileEncoding = 4; lastKnownFileType = sourcecode.c.h; path = AppDelegate.h; sourceTree = "<group>"; };
		7E4B28FF1ED071DF003DE423 /* AppDelegate.m */ = {isa = PBXFileReference; fileEncoding = 4; lastKnownFileType = sourcecode.c.objc; path = AppDelegate.m; sourceTree = "<group>"; };
		7E4B29011ED071DF003DE423 /* UIBarButtonItem+EdgeExention.h */ = {isa = PBXFileReference; fileEncoding = 4; lastKnownFileType = sourcecode.c.h; path = "UIBarButtonItem+EdgeExention.h"; sourceTree = "<group>"; };
		7E4B29021ED071DF003DE423 /* UIBarButtonItem+EdgeExention.m */ = {isa = PBXFileReference; fileEncoding = 4; lastKnownFileType = sourcecode.c.objc; path = "UIBarButtonItem+EdgeExention.m"; sourceTree = "<group>"; };
		7E4B29031ED071DF003DE423 /* UIImage+EdgeImage.h */ = {isa = PBXFileReference; fileEncoding = 4; lastKnownFileType = sourcecode.c.h; path = "UIImage+EdgeImage.h"; sourceTree = "<group>"; };
		7E4B29041ED071DF003DE423 /* UIImage+EdgeImage.m */ = {isa = PBXFileReference; fileEncoding = 4; lastKnownFileType = sourcecode.c.objc; path = "UIImage+EdgeImage.m"; sourceTree = "<group>"; };
		7E4B29081ED071DF003DE423 /* EdgeRootTabBarViewController.h */ = {isa = PBXFileReference; fileEncoding = 4; lastKnownFileType = sourcecode.c.h; path = EdgeRootTabBarViewController.h; sourceTree = "<group>"; };
		7E4B29091ED071DF003DE423 /* EdgeRootTabBarViewController.m */ = {isa = PBXFileReference; fileEncoding = 4; lastKnownFileType = sourcecode.c.objc; path = EdgeRootTabBarViewController.m; sourceTree = "<group>"; };
		7E4B290A1ED071DF003DE423 /* PrefixHeader.pch */ = {isa = PBXFileReference; fileEncoding = 4; lastKnownFileType = sourcecode.c.h; path = PrefixHeader.pch; sourceTree = "<group>"; };
		7E4B290C1ED071DF003DE423 /* json.plist */ = {isa = PBXFileReference; fileEncoding = 4; lastKnownFileType = text.plist.xml; name = json.plist; path = View/json.plist; sourceTree = "<group>"; };
		7E72C4371ECC4A4800C54296 /* 仿QQ.app */ = {isa = PBXFileReference; explicitFileType = wrapper.application; includeInIndex = 0; path = "仿QQ.app"; sourceTree = BUILT_PRODUCTS_DIR; };
		7E72C43B1ECC4A4800C54296 /* main.m */ = {isa = PBXFileReference; lastKnownFileType = sourcecode.c.objc; path = main.m; sourceTree = "<group>"; };
		7E72C4461ECC4A4800C54296 /* Assets.xcassets */ = {isa = PBXFileReference; lastKnownFileType = folder.assetcatalog; path = Assets.xcassets; sourceTree = "<group>"; };
		7E72C44B1ECC4A4800C54296 /* Info.plist */ = {isa = PBXFileReference; lastKnownFileType = text.plist.xml; path = Info.plist; sourceTree = "<group>"; };
		7E72C4501ECC4A4800C54296 /* 仿QQTests.xctest */ = {isa = PBXFileReference; explicitFileType = wrapper.cfbundle; includeInIndex = 0; path = "仿QQTests.xctest"; sourceTree = BUILT_PRODUCTS_DIR; };
		7E72C4541ECC4A4800C54296 /* _QQTests.m */ = {isa = PBXFileReference; lastKnownFileType = sourcecode.c.objc; path = _QQTests.m; sourceTree = "<group>"; };
		7E72C4561ECC4A4800C54296 /* Info.plist */ = {isa = PBXFileReference; lastKnownFileType = text.plist.xml; path = Info.plist; sourceTree = "<group>"; };
		7E72C45B1ECC4A4800C54296 /* 仿QQUITests.xctest */ = {isa = PBXFileReference; explicitFileType = wrapper.cfbundle; includeInIndex = 0; path = "仿QQUITests.xctest"; sourceTree = BUILT_PRODUCTS_DIR; };
		7E72C45F1ECC4A4800C54296 /* _QQUITests.m */ = {isa = PBXFileReference; lastKnownFileType = sourcecode.c.objc; path = _QQUITests.m; sourceTree = "<group>"; };
		7E72C4611ECC4A4800C54296 /* Info.plist */ = {isa = PBXFileReference; lastKnownFileType = text.plist.xml; path = Info.plist; sourceTree = "<group>"; };
		7EB78EAB1ED09F9B0011642C /* EdgeEditContactController.h */ = {isa = PBXFileReference; fileEncoding = 4; lastKnownFileType = sourcecode.c.h; path = EdgeEditContactController.h; sourceTree = "<group>"; };
		7EB78EAC1ED09F9B0011642C /* EdgeEditContactController.m */ = {isa = PBXFileReference; fileEncoding = 4; lastKnownFileType = sourcecode.c.objc; path = EdgeEditContactController.m; sourceTree = "<group>"; };
		C606CDFE1F2EB0FA00917F04 /* dataModel.h */ = {isa = PBXFileReference; fileEncoding = 4; lastKnownFileType = sourcecode.c.h; name = dataModel.h; path = "仿QQ/Classes/Infomation-消息/chat/dataModel.h"; sourceTree = SOURCE_ROOT; };
		C606CDFF1F2EB0FA00917F04 /* dataModel.m */ = {isa = PBXFileReference; fileEncoding = 4; lastKnownFileType = sourcecode.c.objc; name = dataModel.m; path = "仿QQ/Classes/Infomation-消息/chat/dataModel.m"; sourceTree = SOURCE_ROOT; };
		C606CE001F2EB0FA00917F04 /* modelFream.h */ = {isa = PBXFileReference; fileEncoding = 4; lastKnownFileType = sourcecode.c.h; name = modelFream.h; path = "仿QQ/Classes/Infomation-消息/chat/modelFream.h"; sourceTree = SOURCE_ROOT; };
		C606CE011F2EB0FA00917F04 /* modelFream.m */ = {isa = PBXFileReference; fileEncoding = 4; lastKnownFileType = sourcecode.c.objc; name = modelFream.m; path = "仿QQ/Classes/Infomation-消息/chat/modelFream.m"; sourceTree = SOURCE_ROOT; };
		C606CE0A1F2EB20900917F04 /* EdgeCustomTableViewCell.h */ = {isa = PBXFileReference; fileEncoding = 4; lastKnownFileType = sourcecode.c.h; name = EdgeCustomTableViewCell.h; path = "仿QQ/Classes/Infomation-消息/chat/EdgeCustomTableViewCell.h"; sourceTree = SOURCE_ROOT; };
		C606CE0B1F2EB20900917F04 /* EdgeCustomTableViewCell.m */ = {isa = PBXFileReference; fileEncoding = 4; lastKnownFileType = sourcecode.c.objc; name = EdgeCustomTableViewCell.m; path = "仿QQ/Classes/Infomation-消息/chat/EdgeCustomTableViewCell.m"; sourceTree = SOURCE_ROOT; };
		C606CE0F1F2EB9AF00917F04 /* Info.plist */ = {isa = PBXFileReference; fileEncoding = 4; lastKnownFileType = text.plist.xml; path = Info.plist; sourceTree = "<group>"; };
		C606CE101F2EB9AF00917F04 /* MJExtension.h */ = {isa = PBXFileReference; fileEncoding = 4; lastKnownFileType = sourcecode.c.h; path = MJExtension.h; sourceTree = "<group>"; };
		C606CE111F2EB9AF00917F04 /* MJExtensionConst.h */ = {isa = PBXFileReference; fileEncoding = 4; lastKnownFileType = sourcecode.c.h; path = MJExtensionConst.h; sourceTree = "<group>"; };
		C606CE121F2EB9AF00917F04 /* MJExtensionConst.m */ = {isa = PBXFileReference; fileEncoding = 4; lastKnownFileType = sourcecode.c.objc; path = MJExtensionConst.m; sourceTree = "<group>"; };
		C606CE131F2EB9AF00917F04 /* MJFoundation.h */ = {isa = PBXFileReference; fileEncoding = 4; lastKnownFileType = sourcecode.c.h; path = MJFoundation.h; sourceTree = "<group>"; };
		C606CE141F2EB9AF00917F04 /* MJFoundation.m */ = {isa = PBXFileReference; fileEncoding = 4; lastKnownFileType = sourcecode.c.objc; path = MJFoundation.m; sourceTree = "<group>"; };
		C606CE151F2EB9AF00917F04 /* MJProperty.h */ = {isa = PBXFileReference; fileEncoding = 4; lastKnownFileType = sourcecode.c.h; path = MJProperty.h; sourceTree = "<group>"; };
		C606CE161F2EB9AF00917F04 /* MJProperty.m */ = {isa = PBXFileReference; fileEncoding = 4; lastKnownFileType = sourcecode.c.objc; path = MJProperty.m; sourceTree = "<group>"; };
		C606CE171F2EB9AF00917F04 /* MJPropertyKey.h */ = {isa = PBXFileReference; fileEncoding = 4; lastKnownFileType = sourcecode.c.h; path = MJPropertyKey.h; sourceTree = "<group>"; };
		C606CE181F2EB9AF00917F04 /* MJPropertyKey.m */ = {isa = PBXFileReference; fileEncoding = 4; lastKnownFileType = sourcecode.c.objc; path = MJPropertyKey.m; sourceTree = "<group>"; };
		C606CE191F2EB9AF00917F04 /* MJPropertyType.h */ = {isa = PBXFileReference; fileEncoding = 4; lastKnownFileType = sourcecode.c.h; path = MJPropertyType.h; sourceTree = "<group>"; };
		C606CE1A1F2EB9AF00917F04 /* MJPropertyType.m */ = {isa = PBXFileReference; fileEncoding = 4; lastKnownFileType = sourcecode.c.objc; path = MJPropertyType.m; sourceTree = "<group>"; };
		C606CE1B1F2EB9AF00917F04 /* NSObject+MJClass.h */ = {isa = PBXFileReference; fileEncoding = 4; lastKnownFileType = sourcecode.c.h; path = "NSObject+MJClass.h"; sourceTree = "<group>"; };
		C606CE1C1F2EB9AF00917F04 /* NSObject+MJClass.m */ = {isa = PBXFileReference; fileEncoding = 4; lastKnownFileType = sourcecode.c.objc; path = "NSObject+MJClass.m"; sourceTree = "<group>"; };
		C606CE1D1F2EB9AF00917F04 /* NSObject+MJCoding.h */ = {isa = PBXFileReference; fileEncoding = 4; lastKnownFileType = sourcecode.c.h; path = "NSObject+MJCoding.h"; sourceTree = "<group>"; };
		C606CE1E1F2EB9AF00917F04 /* NSObject+MJCoding.m */ = {isa = PBXFileReference; fileEncoding = 4; lastKnownFileType = sourcecode.c.objc; path = "NSObject+MJCoding.m"; sourceTree = "<group>"; };
		C606CE1F1F2EB9AF00917F04 /* NSObject+MJKeyValue.h */ = {isa = PBXFileReference; fileEncoding = 4; lastKnownFileType = sourcecode.c.h; path = "NSObject+MJKeyValue.h"; sourceTree = "<group>"; };
		C606CE201F2EB9AF00917F04 /* NSObject+MJKeyValue.m */ = {isa = PBXFileReference; fileEncoding = 4; lastKnownFileType = sourcecode.c.objc; path = "NSObject+MJKeyValue.m"; sourceTree = "<group>"; };
		C606CE211F2EB9AF00917F04 /* NSObject+MJProperty.h */ = {isa = PBXFileReference; fileEncoding = 4; lastKnownFileType = sourcecode.c.h; path = "NSObject+MJProperty.h"; sourceTree = "<group>"; };
		C606CE221F2EB9AF00917F04 /* NSObject+MJProperty.m */ = {isa = PBXFileReference; fileEncoding = 4; lastKnownFileType = sourcecode.c.objc; path = "NSObject+MJProperty.m"; sourceTree = "<group>"; };
		C606CE231F2EB9AF00917F04 /* NSString+MJExtension.h */ = {isa = PBXFileReference; fileEncoding = 4; lastKnownFileType = sourcecode.c.h; path = "NSString+MJExtension.h"; sourceTree = "<group>"; };
		C606CE241F2EB9AF00917F04 /* NSString+MJExtension.m */ = {isa = PBXFileReference; fileEncoding = 4; lastKnownFileType = sourcecode.c.objc; path = "NSString+MJExtension.m"; sourceTree = "<group>"; };
		C606CE261F2EB9AF00917F04 /* NSObject+SBJson.h */ = {isa = PBXFileReference; fileEncoding = 4; lastKnownFileType = sourcecode.c.h; path = "NSObject+SBJson.h"; sourceTree = "<group>"; };
		C606CE271F2EB9AF00917F04 /* NSObject+SBJson.m */ = {isa = PBXFileReference; fileEncoding = 4; lastKnownFileType = sourcecode.c.objc; path = "NSObject+SBJson.m"; sourceTree = "<group>"; };
		C606CE281F2EB9AF00917F04 /* SBJson.h */ = {isa = PBXFileReference; fileEncoding = 4; lastKnownFileType = sourcecode.c.h; path = SBJson.h; sourceTree = "<group>"; };
		C606CE291F2EB9AF00917F04 /* SBJsonParser.h */ = {isa = PBXFileReference; fileEncoding = 4; lastKnownFileType = sourcecode.c.h; path = SBJsonParser.h; sourceTree = "<group>"; };
		C606CE2A1F2EB9AF00917F04 /* SBJsonParser.m */ = {isa = PBXFileReference; fileEncoding = 4; lastKnownFileType = sourcecode.c.objc; path = SBJsonParser.m; sourceTree = "<group>"; };
		C606CE2B1F2EB9AF00917F04 /* SBJsonStreamParser.h */ = {isa = PBXFileReference; fileEncoding = 4; lastKnownFileType = sourcecode.c.h; path = SBJsonStreamParser.h; sourceTree = "<group>"; };
		C606CE2C1F2EB9AF00917F04 /* SBJsonStreamParser.m */ = {isa = PBXFileReference; fileEncoding = 4; lastKnownFileType = sourcecode.c.objc; path = SBJsonStreamParser.m; sourceTree = "<group>"; };
		C606CE2D1F2EB9AF00917F04 /* SBJsonStreamParserAccumulator.h */ = {isa = PBXFileReference; fileEncoding = 4; lastKnownFileType = sourcecode.c.h; path = SBJsonStreamParserAccumulator.h; sourceTree = "<group>"; };
		C606CE2E1F2EB9AF00917F04 /* SBJsonStreamParserAccumulator.m */ = {isa = PBXFileReference; fileEncoding = 4; lastKnownFileType = sourcecode.c.objc; path = SBJsonStreamParserAccumulator.m; sourceTree = "<group>"; };
		C606CE2F1F2EB9AF00917F04 /* SBJsonStreamParserAdapter.h */ = {isa = PBXFileReference; fileEncoding = 4; lastKnownFileType = sourcecode.c.h; path = SBJsonStreamParserAdapter.h; sourceTree = "<group>"; };
		C606CE301F2EB9AF00917F04 /* SBJsonStreamParserAdapter.m */ = {isa = PBXFileReference; fileEncoding = 4; lastKnownFileType = sourcecode.c.objc; path = SBJsonStreamParserAdapter.m; sourceTree = "<group>"; };
		C606CE311F2EB9AF00917F04 /* SBJsonStreamParserState.h */ = {isa = PBXFileReference; fileEncoding = 4; lastKnownFileType = sourcecode.c.h; path = SBJsonStreamParserState.h; sourceTree = "<group>"; };
		C606CE321F2EB9AF00917F04 /* SBJsonStreamParserState.m */ = {isa = PBXFileReference; fileEncoding = 4; lastKnownFileType = sourcecode.c.objc; path = SBJsonStreamParserState.m; sourceTree = "<group>"; };
		C606CE331F2EB9AF00917F04 /* SBJsonStreamWriter.h */ = {isa = PBXFileReference; fileEncoding = 4; lastKnownFileType = sourcecode.c.h; path = SBJsonStreamWriter.h; sourceTree = "<group>"; };
		C606CE341F2EB9AF00917F04 /* SBJsonStreamWriter.m */ = {isa = PBXFileReference; fileEncoding = 4; lastKnownFileType = sourcecode.c.objc; path = SBJsonStreamWriter.m; sourceTree = "<group>"; };
		C606CE351F2EB9AF00917F04 /* SBJsonStreamWriterAccumulator.h */ = {isa = PBXFileReference; fileEncoding = 4; lastKnownFileType = sourcecode.c.h; path = SBJsonStreamWriterAccumulator.h; sourceTree = "<group>"; };
		C606CE361F2EB9AF00917F04 /* SBJsonStreamWriterAccumulator.m */ = {isa = PBXFileReference; fileEncoding = 4; lastKnownFileType = sourcecode.c.objc; path = SBJsonStreamWriterAccumulator.m; sourceTree = "<group>"; };
		C606CE371F2EB9AF00917F04 /* SBJsonStreamWriterState.h */ = {isa = PBXFileReference; fileEncoding = 4; lastKnownFileType = sourcecode.c.h; path = SBJsonStreamWriterState.h; sourceTree = "<group>"; };
		C606CE381F2EB9AF00917F04 /* SBJsonStreamWriterState.m */ = {isa = PBXFileReference; fileEncoding = 4; lastKnownFileType = sourcecode.c.objc; path = SBJsonStreamWriterState.m; sourceTree = "<group>"; };
		C606CE391F2EB9AF00917F04 /* SBJsonTokeniser.h */ = {isa = PBXFileReference; fileEncoding = 4; lastKnownFileType = sourcecode.c.h; path = SBJsonTokeniser.h; sourceTree = "<group>"; };
		C606CE3A1F2EB9AF00917F04 /* SBJsonTokeniser.m */ = {isa = PBXFileReference; fileEncoding = 4; lastKnownFileType = sourcecode.c.objc; path = SBJsonTokeniser.m; sourceTree = "<group>"; };
		C606CE3B1F2EB9AF00917F04 /* SBJsonUTF8Stream.h */ = {isa = PBXFileReference; fileEncoding = 4; lastKnownFileType = sourcecode.c.h; path = SBJsonUTF8Stream.h; sourceTree = "<group>"; };
		C606CE3C1F2EB9AF00917F04 /* SBJsonUTF8Stream.m */ = {isa = PBXFileReference; fileEncoding = 4; lastKnownFileType = sourcecode.c.objc; path = SBJsonUTF8Stream.m; sourceTree = "<group>"; };
		C606CE3D1F2EB9AF00917F04 /* SBJsonWriter.h */ = {isa = PBXFileReference; fileEncoding = 4; lastKnownFileType = sourcecode.c.h; path = SBJsonWriter.h; sourceTree = "<group>"; };
		C606CE3E1F2EB9AF00917F04 /* SBJsonWriter.m */ = {isa = PBXFileReference; fileEncoding = 4; lastKnownFileType = sourcecode.c.objc; path = SBJsonWriter.m; sourceTree = "<group>"; };
		C606CE3F1F2EB9AF00917F04 /* UIView+expanded2.h */ = {isa = PBXFileReference; fileEncoding = 4; lastKnownFileType = sourcecode.c.h; path = "UIView+expanded2.h"; sourceTree = "<group>"; };
		C606CE581F2EB9FF00917F04 /* BaseFMDBOption.h */ = {isa = PBXFileReference; fileEncoding = 4; lastKnownFileType = sourcecode.c.h; path = BaseFMDBOption.h; sourceTree = "<group>"; };
		C606CE591F2EB9FF00917F04 /* BaseFMDBOption.m */ = {isa = PBXFileReference; fileEncoding = 4; lastKnownFileType = sourcecode.c.objc; path = BaseFMDBOption.m; sourceTree = "<group>"; };
		C606CE5B1F2EBAE500917F04 /* EdgeInfoOptions.h */ = {isa = PBXFileReference; fileEncoding = 4; lastKnownFileType = sourcecode.c.h; path = EdgeInfoOptions.h; sourceTree = "<group>"; };
		C606CE5C1F2EBAE500917F04 /* EdgeInfoOptions.m */ = {isa = PBXFileReference; fileEncoding = 4; lastKnownFileType = sourcecode.c.objc; path = EdgeInfoOptions.m; sourceTree = "<group>"; };
		C60C97261F283A6D007DEBAC /* EdgeRootViewController.h */ = {isa = PBXFileReference; fileEncoding = 4; lastKnownFileType = sourcecode.c.h; path = EdgeRootViewController.h; sourceTree = "<group>"; };
		C60C97271F283A6D007DEBAC /* EdgeRootViewController.m */ = {isa = PBXFileReference; fileEncoding = 4; lastKnownFileType = sourcecode.c.objc; path = EdgeRootViewController.m; sourceTree = "<group>"; };
		C631D3DF1F2E1A4700B0E840 /* FMDatabase.h */ = {isa = PBXFileReference; fileEncoding = 4; lastKnownFileType = sourcecode.c.h; path = FMDatabase.h; sourceTree = "<group>"; };
		C631D3E01F2E1A4700B0E840 /* FMDatabase.m */ = {isa = PBXFileReference; fileEncoding = 4; lastKnownFileType = sourcecode.c.objc; path = FMDatabase.m; sourceTree = "<group>"; };
		C631D3E11F2E1A4700B0E840 /* FMDatabaseAdditions.h */ = {isa = PBXFileReference; fileEncoding = 4; lastKnownFileType = sourcecode.c.h; path = FMDatabaseAdditions.h; sourceTree = "<group>"; };
		C631D3E21F2E1A4700B0E840 /* FMDatabaseAdditions.m */ = {isa = PBXFileReference; fileEncoding = 4; lastKnownFileType = sourcecode.c.objc; path = FMDatabaseAdditions.m; sourceTree = "<group>"; };
		C631D3E31F2E1A4700B0E840 /* FMDatabasePool.h */ = {isa = PBXFileReference; fileEncoding = 4; lastKnownFileType = sourcecode.c.h; path = FMDatabasePool.h; sourceTree = "<group>"; };
		C631D3E41F2E1A4700B0E840 /* FMDatabasePool.m */ = {isa = PBXFileReference; fileEncoding = 4; lastKnownFileType = sourcecode.c.objc; path = FMDatabasePool.m; sourceTree = "<group>"; };
		C631D3E51F2E1A4700B0E840 /* FMDatabaseQueue.h */ = {isa = PBXFileReference; fileEncoding = 4; lastKnownFileType = sourcecode.c.h; path = FMDatabaseQueue.h; sourceTree = "<group>"; };
		C631D3E61F2E1A4700B0E840 /* FMDatabaseQueue.m */ = {isa = PBXFileReference; fileEncoding = 4; lastKnownFileType = sourcecode.c.objc; path = FMDatabaseQueue.m; sourceTree = "<group>"; };
		C631D3E71F2E1A4700B0E840 /* FMDB.h */ = {isa = PBXFileReference; fileEncoding = 4; lastKnownFileType = sourcecode.c.h; path = FMDB.h; sourceTree = "<group>"; };
		C631D3E81F2E1A4700B0E840 /* FMResultSet.h */ = {isa = PBXFileReference; fileEncoding = 4; lastKnownFileType = sourcecode.c.h; path = FMResultSet.h; sourceTree = "<group>"; };
		C631D3E91F2E1A4700B0E840 /* FMResultSet.m */ = {isa = PBXFileReference; fileEncoding = 4; lastKnownFileType = sourcecode.c.objc; path = FMResultSet.m; sourceTree = "<group>"; };
		C631D3F01F2E1A6900B0E840 /* libsqlite3.0.tbd */ = {isa = PBXFileReference; lastKnownFileType = "sourcecode.text-based-dylib-definition"; name = libsqlite3.0.tbd; path = usr/lib/libsqlite3.0.tbd; sourceTree = SDKROOT; };
		C634E5841F28A24A00CCE2F2 /* LeftSlideViewController.h */ = {isa = PBXFileReference; fileEncoding = 4; lastKnownFileType = sourcecode.c.h; path = LeftSlideViewController.h; sourceTree = "<group>"; };
		C634E5851F28A24A00CCE2F2 /* LeftSlideViewController.m */ = {isa = PBXFileReference; fileEncoding = 4; lastKnownFileType = sourcecode.c.objc; path = LeftSlideViewController.m; sourceTree = "<group>"; };
		C634E5861F28A24A00CCE2F2 /* LeftSortsViewController.h */ = {isa = PBXFileReference; fileEncoding = 4; lastKnownFileType = sourcecode.c.h; path = LeftSortsViewController.h; sourceTree = "<group>"; };
		C634E5871F28A24A00CCE2F2 /* LeftSortsViewController.m */ = {isa = PBXFileReference; fileEncoding = 4; lastKnownFileType = sourcecode.c.objc; path = LeftSortsViewController.m; sourceTree = "<group>"; };
		C634E58B1F28A28000CCE2F2 /* MASCompositeConstraint.h */ = {isa = PBXFileReference; fileEncoding = 4; lastKnownFileType = sourcecode.c.h; path = MASCompositeConstraint.h; sourceTree = "<group>"; };
		C634E58C1F28A28000CCE2F2 /* MASCompositeConstraint.m */ = {isa = PBXFileReference; fileEncoding = 4; lastKnownFileType = sourcecode.c.objc; path = MASCompositeConstraint.m; sourceTree = "<group>"; };
		C634E58D1F28A28000CCE2F2 /* MASConstraint+Private.h */ = {isa = PBXFileReference; fileEncoding = 4; lastKnownFileType = sourcecode.c.h; path = "MASConstraint+Private.h"; sourceTree = "<group>"; };
		C634E58E1F28A28000CCE2F2 /* MASConstraint.h */ = {isa = PBXFileReference; fileEncoding = 4; lastKnownFileType = sourcecode.c.h; path = MASConstraint.h; sourceTree = "<group>"; };
		C634E58F1F28A28000CCE2F2 /* MASConstraint.m */ = {isa = PBXFileReference; fileEncoding = 4; lastKnownFileType = sourcecode.c.objc; path = MASConstraint.m; sourceTree = "<group>"; };
		C634E5901F28A28000CCE2F2 /* MASConstraintMaker.h */ = {isa = PBXFileReference; fileEncoding = 4; lastKnownFileType = sourcecode.c.h; path = MASConstraintMaker.h; sourceTree = "<group>"; };
		C634E5911F28A28000CCE2F2 /* MASConstraintMaker.m */ = {isa = PBXFileReference; fileEncoding = 4; lastKnownFileType = sourcecode.c.objc; path = MASConstraintMaker.m; sourceTree = "<group>"; };
		C634E5921F28A28000CCE2F2 /* MASLayoutConstraint.h */ = {isa = PBXFileReference; fileEncoding = 4; lastKnownFileType = sourcecode.c.h; path = MASLayoutConstraint.h; sourceTree = "<group>"; };
		C634E5931F28A28000CCE2F2 /* MASLayoutConstraint.m */ = {isa = PBXFileReference; fileEncoding = 4; lastKnownFileType = sourcecode.c.objc; path = MASLayoutConstraint.m; sourceTree = "<group>"; };
		C634E5941F28A28000CCE2F2 /* Masonry.h */ = {isa = PBXFileReference; fileEncoding = 4; lastKnownFileType = sourcecode.c.h; path = Masonry.h; sourceTree = "<group>"; };
		C634E5951F28A28000CCE2F2 /* MASUtilities.h */ = {isa = PBXFileReference; fileEncoding = 4; lastKnownFileType = sourcecode.c.h; path = MASUtilities.h; sourceTree = "<group>"; };
		C634E5961F28A28000CCE2F2 /* MASViewAttribute.h */ = {isa = PBXFileReference; fileEncoding = 4; lastKnownFileType = sourcecode.c.h; path = MASViewAttribute.h; sourceTree = "<group>"; };
		C634E5971F28A28000CCE2F2 /* MASViewAttribute.m */ = {isa = PBXFileReference; fileEncoding = 4; lastKnownFileType = sourcecode.c.objc; path = MASViewAttribute.m; sourceTree = "<group>"; };
		C634E5981F28A28000CCE2F2 /* MASViewConstraint.h */ = {isa = PBXFileReference; fileEncoding = 4; lastKnownFileType = sourcecode.c.h; path = MASViewConstraint.h; sourceTree = "<group>"; };
		C634E5991F28A28000CCE2F2 /* MASViewConstraint.m */ = {isa = PBXFileReference; fileEncoding = 4; lastKnownFileType = sourcecode.c.objc; path = MASViewConstraint.m; sourceTree = "<group>"; };
		C634E59A1F28A28000CCE2F2 /* NSArray+MASAdditions.h */ = {isa = PBXFileReference; fileEncoding = 4; lastKnownFileType = sourcecode.c.h; path = "NSArray+MASAdditions.h"; sourceTree = "<group>"; };
		C634E59B1F28A28000CCE2F2 /* NSArray+MASAdditions.m */ = {isa = PBXFileReference; fileEncoding = 4; lastKnownFileType = sourcecode.c.objc; path = "NSArray+MASAdditions.m"; sourceTree = "<group>"; };
		C634E59C1F28A28000CCE2F2 /* NSArray+MASShorthandAdditions.h */ = {isa = PBXFileReference; fileEncoding = 4; lastKnownFileType = sourcecode.c.h; path = "NSArray+MASShorthandAdditions.h"; sourceTree = "<group>"; };
		C634E59D1F28A28000CCE2F2 /* NSLayoutConstraint+MASDebugAdditions.h */ = {isa = PBXFileReference; fileEncoding = 4; lastKnownFileType = sourcecode.c.h; path = "NSLayoutConstraint+MASDebugAdditions.h"; sourceTree = "<group>"; };
		C634E59E1F28A28000CCE2F2 /* NSLayoutConstraint+MASDebugAdditions.m */ = {isa = PBXFileReference; fileEncoding = 4; lastKnownFileType = sourcecode.c.objc; path = "NSLayoutConstraint+MASDebugAdditions.m"; sourceTree = "<group>"; };
		C634E59F1F28A28000CCE2F2 /* View+MASAdditions.h */ = {isa = PBXFileReference; fileEncoding = 4; lastKnownFileType = sourcecode.c.h; path = "View+MASAdditions.h"; sourceTree = "<group>"; };
		C634E5A01F28A28000CCE2F2 /* View+MASAdditions.m */ = {isa = PBXFileReference; fileEncoding = 4; lastKnownFileType = sourcecode.c.objc; path = "View+MASAdditions.m"; sourceTree = "<group>"; };
		C634E5A11F28A28000CCE2F2 /* View+MASShorthandAdditions.h */ = {isa = PBXFileReference; fileEncoding = 4; lastKnownFileType = sourcecode.c.h; path = "View+MASShorthandAdditions.h"; sourceTree = "<group>"; };
		C634E5A21F28A28000CCE2F2 /* ViewController+MASAdditions.h */ = {isa = PBXFileReference; fileEncoding = 4; lastKnownFileType = sourcecode.c.h; path = "ViewController+MASAdditions.h"; sourceTree = "<group>"; };
		C634E5A31F28A28000CCE2F2 /* ViewController+MASAdditions.m */ = {isa = PBXFileReference; fileEncoding = 4; lastKnownFileType = sourcecode.c.objc; path = "ViewController+MASAdditions.m"; sourceTree = "<group>"; };
		C634E5B11F28A30100CCE2F2 /* UIView_extra.h */ = {isa = PBXFileReference; fileEncoding = 4; lastKnownFileType = sourcecode.c.h; path = UIView_extra.h; sourceTree = "<group>"; };
		C634E5B21F28A30100CCE2F2 /* UIView_extra.m */ = {isa = PBXFileReference; fileEncoding = 4; lastKnownFileType = sourcecode.c.objc; path = UIView_extra.m; sourceTree = "<group>"; };
		DB471C26208590E5001FFDA0 /* IMG_1503.PNG */ = {isa = PBXFileReference; lastKnownFileType = image.png; path = IMG_1503.PNG; sourceTree = "<group>"; };
		DB471C27208590E5001FFDA0 /* IMG_1504.PNG */ = {isa = PBXFileReference; lastKnownFileType = image.png; path = IMG_1504.PNG; sourceTree = "<group>"; };
		DB471C28208590E5001FFDA0 /* IMG_1505.PNG */ = {isa = PBXFileReference; lastKnownFileType = image.png; path = IMG_1505.PNG; sourceTree = "<group>"; };
		DB471C29208590E5001FFDA0 /* IMG_1506.PNG */ = {isa = PBXFileReference; lastKnownFileType = image.png; path = IMG_1506.PNG; sourceTree = "<group>"; };
		DB471C2A208590E5001FFDA0 /* IMG_1507.PNG */ = {isa = PBXFileReference; lastKnownFileType = image.png; path = IMG_1507.PNG; sourceTree = "<group>"; };
		DB471C2B208590E5001FFDA0 /* IMG_1508.PNG */ = {isa = PBXFileReference; lastKnownFileType = image.png; path = IMG_1508.PNG; sourceTree = "<group>"; };
		DB471C2C208590E5001FFDA0 /* IMG_1510.PNG */ = {isa = PBXFileReference; lastKnownFileType = image.png; path = IMG_1510.PNG; sourceTree = "<group>"; };
		DB471C2D208590E5001FFDA0 /* IMG_1511.PNG */ = {isa = PBXFileReference; lastKnownFileType = image.png; path = IMG_1511.PNG; sourceTree = "<group>"; };
		DB471C2E208590E5001FFDA0 /* IMG_1512.PNG */ = {isa = PBXFileReference; lastKnownFileType = image.png; path = IMG_1512.PNG; sourceTree = "<group>"; };
/* End PBXFileReference section */

/* Begin PBXFrameworksBuildPhase section */
		7E72C4341ECC4A4700C54296 /* Frameworks */ = {
			isa = PBXFrameworksBuildPhase;
			buildActionMask = 2147483647;
			files = (
				C631D3F11F2E1A6900B0E840 /* libsqlite3.0.tbd in Frameworks */,
				7E47CBE51ED6B04700C9A552 /* libz.tbd in Frameworks */,
				7E47CBF71ED6B3BC00C9A552 /* MOBFoundation.framework in Frameworks */,
				7E47CBF91ED6B3BD00C9A552 /* SMS_SDK.framework in Frameworks */,
				7E47CBE31ED6B03E00C9A552 /* libicucore.tbd in Frameworks */,
				7E47CBE11ED6B02F00C9A552 /* libc++.tbd in Frameworks */,
				7E47CBDF1ED6B02200C9A552 /* MessageUI.framework in Frameworks */,
				7E47CBDD1ED6AFDB00C9A552 /* JavaScriptCore.framework in Frameworks */,
				7E47CBDB1ED6AF9900C9A552 /* SystemConfiguration.framework in Frameworks */,
				7E47CBD91ED6AF8200C9A552 /* CoreTelephony.framework in Frameworks */,
				7E47CBD71ED6AF7400C9A552 /* AdSupport.framework in Frameworks */,
				7E47CBD51ED6AF6C00C9A552 /* AddressBookUI.framework in Frameworks */,
				7E47CBD31ED6AF6800C9A552 /* AddressBook.framework in Frameworks */,
				7E47CBF81ED6B3BD00C9A552 /* MOBFoundationEx.framework in Frameworks */,
			);
			runOnlyForDeploymentPostprocessing = 0;
		};
		7E72C44D1ECC4A4800C54296 /* Frameworks */ = {
			isa = PBXFrameworksBuildPhase;
			buildActionMask = 2147483647;
			files = (
			);
			runOnlyForDeploymentPostprocessing = 0;
		};
		7E72C4581ECC4A4800C54296 /* Frameworks */ = {
			isa = PBXFrameworksBuildPhase;
			buildActionMask = 2147483647;
			files = (
			);
			runOnlyForDeploymentPostprocessing = 0;
		};
/* End PBXFrameworksBuildPhase section */

/* Begin PBXGroup section */
		7E433DF61EDC3EA100DD0327 /* chat */ = {
			isa = PBXGroup;
			children = (
				7E433DFA1EDC3EA100DD0327 /* EdgeChatViewController.h */,
				7E433DFB1EDC3EA100DD0327 /* EdgeChatViewController.m */,
				7E433DFC1EDC3EA100DD0327 /* EdgeChatViewController.xib */,
			);
			name = chat;
			path = ../chat;
			sourceTree = "<group>";
		};
		7E44DEFD1ED6B9BE005B6B26 /* Login-登录 */ = {
			isa = PBXGroup;
			children = (
				7E44DF041ED6B9BE005B6B26 /* EdgeLoginViewConViewController.h */,
				7E44DF051ED6B9BE005B6B26 /* EdgeLoginViewConViewController.m */,
				7E44DF061ED6B9BE005B6B26 /* EdgeLoginViewConViewController.xib */,
				7E44DF011ED6B9BE005B6B26 /* EdgeForgetPasswardViewController.h */,
				7E44DF021ED6B9BE005B6B26 /* EdgeForgetPasswardViewController.m */,
				7E44DF031ED6B9BE005B6B26 /* EdgeForgetPasswardViewController.xib */,
				7E44DEFE1ED6B9BE005B6B26 /* EdgeForgetPassTWOViewController.h */,
				7E44DEFF1ED6B9BE005B6B26 /* EdgeForgetPassTWOViewController.m */,
				7E44DF001ED6B9BE005B6B26 /* EdgeForgetPassTWOViewController.xib */,
				7E44DF071ED6B9BE005B6B26 /* EdgeRegisteredViewController.h */,
				7E44DF081ED6B9BE005B6B26 /* EdgeRegisteredViewController.m */,
				7E44DF091ED6B9BE005B6B26 /* EdgeRegisteredViewController.xib */,
				7E44DF0A1ED6B9BE005B6B26 /* EdgeResiterTwoViewController.h */,
				7E44DF0B1ED6B9BE005B6B26 /* EdgeResiterTwoViewController.m */,
				7E44DF0C1ED6B9BE005B6B26 /* EdgeResiterTwoViewController.xib */,
			);
			path = "Login-登录";
			sourceTree = "<group>";
		};
		7E47CBE61ED6B06500C9A552 /* FameWorks */ = {
			isa = PBXGroup;
			children = (
				C631D3DE1F2E1A4700B0E840 /* fmdb */,
				7E47CBE71ED6B3BC00C9A552 /* SMS_SDK */,
				7E47CBEB1ED6B3BC00C9A552 /* SMSSDKUI.bundle */,
				7E47CBEC1ED6B3BC00C9A552 /* SVProgressHUD */,
				7E47CBE41ED6B04700C9A552 /* libz.tbd */,
				7E47CBE21ED6B03E00C9A552 /* libicucore.tbd */,
				7E47CBE01ED6B02F00C9A552 /* libc++.tbd */,
				7E47CBDE1ED6B02200C9A552 /* MessageUI.framework */,
				7E47CBDC1ED6AFDB00C9A552 /* JavaScriptCore.framework */,
				7E47CBDA1ED6AF9900C9A552 /* SystemConfiguration.framework */,
				7E47CBD81ED6AF8200C9A552 /* CoreTelephony.framework */,
				7E47CBD61ED6AF7400C9A552 /* AdSupport.framework */,
				7E47CBD41ED6AF6C00C9A552 /* AddressBookUI.framework */,
				7E47CBD21ED6AF6800C9A552 /* AddressBook.framework */,
			);
			name = FameWorks;
			sourceTree = "<group>";
		};
		7E47CBE71ED6B3BC00C9A552 /* SMS_SDK */ = {
			isa = PBXGroup;
			children = (
				7E47CBE81ED6B3BC00C9A552 /* MOBFoundation.framework */,
				7E47CBE91ED6B3BC00C9A552 /* MOBFoundationEx.framework */,
				7E47CBEA1ED6B3BC00C9A552 /* SMS_SDK.framework */,
			);
			path = SMS_SDK;
			sourceTree = "<group>";
		};
		7E47CBEC1ED6B3BC00C9A552 /* SVProgressHUD */ = {
			isa = PBXGroup;
			children = (
				7E47CBED1ED6B3BC00C9A552 /* SVIndefiniteAnimatedView.h */,
				7E47CBEE1ED6B3BC00C9A552 /* SVIndefiniteAnimatedView.m */,
				7E47CBEF1ED6B3BC00C9A552 /* SVProgressAnimatedView.h */,
				7E47CBF01ED6B3BC00C9A552 /* SVProgressAnimatedView.m */,
				7E47CBF11ED6B3BC00C9A552 /* SVProgressHUD-Prefix.pch */,
				7E47CBF21ED6B3BC00C9A552 /* SVProgressHUD.bundle */,
				7E47CBF31ED6B3BC00C9A552 /* SVProgressHUD.h */,
				7E47CBF41ED6B3BC00C9A552 /* SVProgressHUD.m */,
				7E47CBF51ED6B3BC00C9A552 /* SVRadialGradientLayer.h */,
				7E47CBF61ED6B3BC00C9A552 /* SVRadialGradientLayer.m */,
			);
			path = SVProgressHUD;
			sourceTree = "<group>";
		};
		7E4B28E11ED071DF003DE423 /* Classes */ = {
			isa = PBXGroup;
			children = (
				C634E5821F28A24A00CCE2F2 /* SlideView-侧边栏 */,
				7E44DEFD1ED6B9BE005B6B26 /* Login-登录 */,
				7E4B28F71ED071DF003DE423 /* Infomation-消息 */,
				7E4B28E21ED071DF003DE423 /* Contact-联系人 */,
				7E4B28EE1ED071DF003DE423 /* Dynamic-动态 */,
				7E4B28FD1ED071DF003DE423 /* Other-其它 */,
			);
			path = Classes;
			sourceTree = "<group>";
		};
		7E4B28E21ED071DF003DE423 /* Contact-联系人 */ = {
			isa = PBXGroup;
			children = (
				7E4B28E31ED071DF003DE423 /* Controller */,
				7E4B28E61ED071DF003DE423 /* Model */,
				7E4B28EB1ED071DF003DE423 /* View */,
			);
			path = "Contact-联系人";
			sourceTree = "<group>";
		};
		7E4B28E31ED071DF003DE423 /* Controller */ = {
			isa = PBXGroup;
			children = (
				7E4B28E41ED071DF003DE423 /* EdgeContactViewController.h */,
				7E4B28E51ED071DF003DE423 /* EdgeContactViewController.m */,
				7EB78EAB1ED09F9B0011642C /* EdgeEditContactController.h */,
				7EB78EAC1ED09F9B0011642C /* EdgeEditContactController.m */,
			);
			path = Controller;
			sourceTree = "<group>";
		};
		7E4B28E61ED071DF003DE423 /* Model */ = {
			isa = PBXGroup;
			children = (
				7E4B28E71ED071DF003DE423 /* EdgeContacts.h */,
				7E4B28E81ED071DF003DE423 /* EdgeContacts.m */,
				7E4B28E91ED071DF003DE423 /* EdgeGroup.h */,
				7E4B28EA1ED071DF003DE423 /* EdgeGroup.m */,
			);
			path = Model;
			sourceTree = "<group>";
		};
		7E4B28EB1ED071DF003DE423 /* View */ = {
			isa = PBXGroup;
			children = (
				7E4B28EC1ED071DF003DE423 /* BRContactsCell.h */,
				7E4B28ED1ED071DF003DE423 /* BRContactsCell.m */,
			);
			path = View;
			sourceTree = "<group>";
		};
		7E4B28EE1ED071DF003DE423 /* Dynamic-动态 */ = {
			isa = PBXGroup;
			children = (
				7E4B28EF1ED071DF003DE423 /* Controller */,
				7E4B28F21ED071DF003DE423 /* Model */,
				7E4B28F31ED071DF003DE423 /* View */,
			);
			path = "Dynamic-动态";
			sourceTree = "<group>";
		};
		7E4B28EF1ED071DF003DE423 /* Controller */ = {
			isa = PBXGroup;
			children = (
				7E4B28F01ED071DF003DE423 /* EdgeDynamicViewController.h */,
				7E4B28F11ED071DF003DE423 /* EdgeDynamicViewController.m */,
			);
			path = Controller;
			sourceTree = "<group>";
		};
		7E4B28F21ED071DF003DE423 /* Model */ = {
			isa = PBXGroup;
			children = (
			);
			path = Model;
			sourceTree = "<group>";
		};
		7E4B28F31ED071DF003DE423 /* View */ = {
			isa = PBXGroup;
			children = (
				7E4B28F41ED071DF003DE423 /* EdgetopView.h */,
				7E4B28F51ED071DF003DE423 /* EdgetopView.m */,
				7E4B28F61ED071DF003DE423 /* EdgetopView.xib */,
			);
			path = View;
			sourceTree = "<group>";
		};
		7E4B28F71ED071DF003DE423 /* Infomation-消息 */ = {
			isa = PBXGroup;
			children = (
				7E4B28F81ED071DF003DE423 /* Controller */,
				7E4B28FB1ED071DF003DE423 /* Model */,
				7E4B28FC1ED071DF003DE423 /* View */,
			);
			path = "Infomation-消息";
			sourceTree = "<group>";
		};
		7E4B28F81ED071DF003DE423 /* Controller */ = {
			isa = PBXGroup;
			children = (
				C606CE571F2EB9E700917F04 /* FMDB */,
				7E433DF61EDC3EA100DD0327 /* chat */,
				7E4B28F91ED071DF003DE423 /* EdgeInfomationViewController.h */,
				7E4B28FA1ED071DF003DE423 /* EdgeInfomationViewController.m */,
			);
			path = Controller;
			sourceTree = "<group>";
		};
		7E4B28FB1ED071DF003DE423 /* Model */ = {
			isa = PBXGroup;
			children = (
				C606CDFE1F2EB0FA00917F04 /* dataModel.h */,
				C606CDFF1F2EB0FA00917F04 /* dataModel.m */,
				C606CE001F2EB0FA00917F04 /* modelFream.h */,
				C606CE011F2EB0FA00917F04 /* modelFream.m */,
			);
			path = Model;
			sourceTree = "<group>";
		};
		7E4B28FC1ED071DF003DE423 /* View */ = {
			isa = PBXGroup;
			children = (
				C606CE0A1F2EB20900917F04 /* EdgeCustomTableViewCell.h */,
				C606CE0B1F2EB20900917F04 /* EdgeCustomTableViewCell.m */,
			);
			path = View;
			sourceTree = "<group>";
		};
		7E4B28FD1ED071DF003DE423 /* Other-其它 */ = {
			isa = PBXGroup;
			children = (
				7E433DF91EDC3EA100DD0327 /* dataPlist.plist */,
				7E4B290C1ED071DF003DE423 /* json.plist */,
				7E4B28FE1ED071DF003DE423 /* AppDelegate.h */,
				7E4B28FF1ED071DF003DE423 /* AppDelegate.m */,
				7E4B29001ED071DF003DE423 /* Category */,
				7E4B29071ED071DF003DE423 /* Controller */,
				7E4B290A1ED071DF003DE423 /* PrefixHeader.pch */,
				7E4B290B1ED071DF003DE423 /* View */,
			);
			path = "Other-其它";
			sourceTree = "<group>";
		};
		7E4B29001ED071DF003DE423 /* Category */ = {
			isa = PBXGroup;
			children = (
				C606CE0D1F2EB9AF00917F04 /* EXtern */,
				C634E58A1F28A28000CCE2F2 /* Masonry */,
				7E4B29011ED071DF003DE423 /* UIBarButtonItem+EdgeExention.h */,
				7E4B29021ED071DF003DE423 /* UIBarButtonItem+EdgeExention.m */,
				7E4B29031ED071DF003DE423 /* UIImage+EdgeImage.h */,
				7E4B29041ED071DF003DE423 /* UIImage+EdgeImage.m */,
				C634E5B11F28A30100CCE2F2 /* UIView_extra.h */,
				C634E5B21F28A30100CCE2F2 /* UIView_extra.m */,
			);
			path = Category;
			sourceTree = "<group>";
		};
		7E4B29071ED071DF003DE423 /* Controller */ = {
			isa = PBXGroup;
			children = (
				7E4B29081ED071DF003DE423 /* EdgeRootTabBarViewController.h */,
				7E4B29091ED071DF003DE423 /* EdgeRootTabBarViewController.m */,
				C60C97261F283A6D007DEBAC /* EdgeRootViewController.h */,
				C60C97271F283A6D007DEBAC /* EdgeRootViewController.m */,
			);
			path = Controller;
			sourceTree = "<group>";
		};
		7E4B290B1ED071DF003DE423 /* View */ = {
			isa = PBXGroup;
			children = (
			);
			path = View;
			sourceTree = "<group>";
		};
		7E72C42E1ECC4A4700C54296 = {
			isa = PBXGroup;
			children = (
				7E72C4391ECC4A4800C54296 /* 仿QQ */,
				7E72C4531ECC4A4800C54296 /* 仿QQTests */,
				7E72C45E1ECC4A4800C54296 /* 仿QQUITests */,
				7E72C4381ECC4A4800C54296 /* Products */,
				7E47CBE61ED6B06500C9A552 /* FameWorks */,
				C631D3EF1F2E1A6900B0E840 /* Frameworks */,
			);
			sourceTree = "<group>";
		};
		7E72C4381ECC4A4800C54296 /* Products */ = {
			isa = PBXGroup;
			children = (
				7E72C4371ECC4A4800C54296 /* 仿QQ.app */,
				7E72C4501ECC4A4800C54296 /* 仿QQTests.xctest */,
				7E72C45B1ECC4A4800C54296 /* 仿QQUITests.xctest */,
			);
			name = Products;
			sourceTree = "<group>";
		};
		7E72C4391ECC4A4800C54296 /* 仿QQ */ = {
			isa = PBXGroup;
			children = (
				7E4B28E11ED071DF003DE423 /* Classes */,
				7E72C4461ECC4A4800C54296 /* Assets.xcassets */,
				7E72C44B1ECC4A4800C54296 /* Info.plist */,
				7E72C43A1ECC4A4800C54296 /* Supporting Files */,
			);
			path = "仿QQ";
			sourceTree = "<group>";
		};
		7E72C43A1ECC4A4800C54296 /* Supporting Files */ = {
			isa = PBXGroup;
			children = (
				DB471C25208590E4001FFDA0 /* img */,
				7E72C43B1ECC4A4800C54296 /* main.m */,
			);
			name = "Supporting Files";
			sourceTree = "<group>";
		};
		7E72C4531ECC4A4800C54296 /* 仿QQTests */ = {
			isa = PBXGroup;
			children = (
				7E72C4541ECC4A4800C54296 /* _QQTests.m */,
				7E72C4561ECC4A4800C54296 /* Info.plist */,
			);
			path = "仿QQTests";
			sourceTree = "<group>";
		};
		7E72C45E1ECC4A4800C54296 /* 仿QQUITests */ = {
			isa = PBXGroup;
			children = (
				7E72C45F1ECC4A4800C54296 /* _QQUITests.m */,
				7E72C4611ECC4A4800C54296 /* Info.plist */,
			);
			path = "仿QQUITests";
			sourceTree = "<group>";
		};
		C606CE0D1F2EB9AF00917F04 /* EXtern */ = {
			isa = PBXGroup;
			children = (
				C606CE0E1F2EB9AF00917F04 /* MJExtension */,
				C606CE251F2EB9AF00917F04 /* SBJsonClasses */,
			);
			path = EXtern;
			sourceTree = "<group>";
		};
		C606CE0E1F2EB9AF00917F04 /* MJExtension */ = {
			isa = PBXGroup;
			children = (
				C606CE0F1F2EB9AF00917F04 /* Info.plist */,
				C606CE101F2EB9AF00917F04 /* MJExtension.h */,
				C606CE111F2EB9AF00917F04 /* MJExtensionConst.h */,
				C606CE121F2EB9AF00917F04 /* MJExtensionConst.m */,
				C606CE131F2EB9AF00917F04 /* MJFoundation.h */,
				C606CE141F2EB9AF00917F04 /* MJFoundation.m */,
				C606CE151F2EB9AF00917F04 /* MJProperty.h */,
				C606CE161F2EB9AF00917F04 /* MJProperty.m */,
				C606CE171F2EB9AF00917F04 /* MJPropertyKey.h */,
				C606CE181F2EB9AF00917F04 /* MJPropertyKey.m */,
				C606CE191F2EB9AF00917F04 /* MJPropertyType.h */,
				C606CE1A1F2EB9AF00917F04 /* MJPropertyType.m */,
				C606CE1B1F2EB9AF00917F04 /* NSObject+MJClass.h */,
				C606CE1C1F2EB9AF00917F04 /* NSObject+MJClass.m */,
				C606CE1D1F2EB9AF00917F04 /* NSObject+MJCoding.h */,
				C606CE1E1F2EB9AF00917F04 /* NSObject+MJCoding.m */,
				C606CE1F1F2EB9AF00917F04 /* NSObject+MJKeyValue.h */,
				C606CE201F2EB9AF00917F04 /* NSObject+MJKeyValue.m */,
				C606CE211F2EB9AF00917F04 /* NSObject+MJProperty.h */,
				C606CE221F2EB9AF00917F04 /* NSObject+MJProperty.m */,
				C606CE231F2EB9AF00917F04 /* NSString+MJExtension.h */,
				C606CE241F2EB9AF00917F04 /* NSString+MJExtension.m */,
			);
			path = MJExtension;
			sourceTree = "<group>";
		};
		C606CE251F2EB9AF00917F04 /* SBJsonClasses */ = {
			isa = PBXGroup;
			children = (
				C606CE261F2EB9AF00917F04 /* NSObject+SBJson.h */,
				C606CE271F2EB9AF00917F04 /* NSObject+SBJson.m */,
				C606CE281F2EB9AF00917F04 /* SBJson.h */,
				C606CE291F2EB9AF00917F04 /* SBJsonParser.h */,
				C606CE2A1F2EB9AF00917F04 /* SBJsonParser.m */,
				C606CE2B1F2EB9AF00917F04 /* SBJsonStreamParser.h */,
				C606CE2C1F2EB9AF00917F04 /* SBJsonStreamParser.m */,
				C606CE2D1F2EB9AF00917F04 /* SBJsonStreamParserAccumulator.h */,
				C606CE2E1F2EB9AF00917F04 /* SBJsonStreamParserAccumulator.m */,
				C606CE2F1F2EB9AF00917F04 /* SBJsonStreamParserAdapter.h */,
				C606CE301F2EB9AF00917F04 /* SBJsonStreamParserAdapter.m */,
				C606CE311F2EB9AF00917F04 /* SBJsonStreamParserState.h */,
				C606CE321F2EB9AF00917F04 /* SBJsonStreamParserState.m */,
				C606CE331F2EB9AF00917F04 /* SBJsonStreamWriter.h */,
				C606CE341F2EB9AF00917F04 /* SBJsonStreamWriter.m */,
				C606CE351F2EB9AF00917F04 /* SBJsonStreamWriterAccumulator.h */,
				C606CE361F2EB9AF00917F04 /* SBJsonStreamWriterAccumulator.m */,
				C606CE371F2EB9AF00917F04 /* SBJsonStreamWriterState.h */,
				C606CE381F2EB9AF00917F04 /* SBJsonStreamWriterState.m */,
				C606CE391F2EB9AF00917F04 /* SBJsonTokeniser.h */,
				C606CE3A1F2EB9AF00917F04 /* SBJsonTokeniser.m */,
				C606CE3B1F2EB9AF00917F04 /* SBJsonUTF8Stream.h */,
				C606CE3C1F2EB9AF00917F04 /* SBJsonUTF8Stream.m */,
				C606CE3D1F2EB9AF00917F04 /* SBJsonWriter.h */,
				C606CE3E1F2EB9AF00917F04 /* SBJsonWriter.m */,
				C606CE3F1F2EB9AF00917F04 /* UIView+expanded2.h */,
			);
			path = SBJsonClasses;
			sourceTree = "<group>";
		};
		C606CE571F2EB9E700917F04 /* FMDB */ = {
			isa = PBXGroup;
			children = (
				C606CE581F2EB9FF00917F04 /* BaseFMDBOption.h */,
				C606CE591F2EB9FF00917F04 /* BaseFMDBOption.m */,
				C606CE5B1F2EBAE500917F04 /* EdgeInfoOptions.h */,
				C606CE5C1F2EBAE500917F04 /* EdgeInfoOptions.m */,
			);
			name = FMDB;
			sourceTree = "<group>";
		};
		C631D3DE1F2E1A4700B0E840 /* fmdb */ = {
			isa = PBXGroup;
			children = (
				C631D3DF1F2E1A4700B0E840 /* FMDatabase.h */,
				C631D3E01F2E1A4700B0E840 /* FMDatabase.m */,
				C631D3E11F2E1A4700B0E840 /* FMDatabaseAdditions.h */,
				C631D3E21F2E1A4700B0E840 /* FMDatabaseAdditions.m */,
				C631D3E31F2E1A4700B0E840 /* FMDatabasePool.h */,
				C631D3E41F2E1A4700B0E840 /* FMDatabasePool.m */,
				C631D3E51F2E1A4700B0E840 /* FMDatabaseQueue.h */,
				C631D3E61F2E1A4700B0E840 /* FMDatabaseQueue.m */,
				C631D3E71F2E1A4700B0E840 /* FMDB.h */,
				C631D3E81F2E1A4700B0E840 /* FMResultSet.h */,
				C631D3E91F2E1A4700B0E840 /* FMResultSet.m */,
			);
			path = fmdb;
			sourceTree = "<group>";
		};
		C631D3EF1F2E1A6900B0E840 /* Frameworks */ = {
			isa = PBXGroup;
			children = (
				C631D3F01F2E1A6900B0E840 /* libsqlite3.0.tbd */,
			);
			name = Frameworks;
			sourceTree = "<group>";
		};
		C634E5821F28A24A00CCE2F2 /* SlideView-侧边栏 */ = {
			isa = PBXGroup;
			children = (
				C634E5831F28A24A00CCE2F2 /* Controller */,
			);
			path = "SlideView-侧边栏";
			sourceTree = "<group>";
		};
		C634E5831F28A24A00CCE2F2 /* Controller */ = {
			isa = PBXGroup;
			children = (
				C634E5841F28A24A00CCE2F2 /* LeftSlideViewController.h */,
				C634E5851F28A24A00CCE2F2 /* LeftSlideViewController.m */,
				C634E5861F28A24A00CCE2F2 /* LeftSortsViewController.h */,
				C634E5871F28A24A00CCE2F2 /* LeftSortsViewController.m */,
				7E47CBBD1ED5871000C9A552 /* EdgemoreViewController.h */,
				7E47CBBE1ED5871000C9A552 /* EdgemoreViewController.m */,
				7E47CBBF1ED5871000C9A552 /* EdgemoreViewController.xib */,
			);
			path = Controller;
			sourceTree = "<group>";
		};
		C634E58A1F28A28000CCE2F2 /* Masonry */ = {
			isa = PBXGroup;
			children = (
				C634E58B1F28A28000CCE2F2 /* MASCompositeConstraint.h */,
				C634E58C1F28A28000CCE2F2 /* MASCompositeConstraint.m */,
				C634E58D1F28A28000CCE2F2 /* MASConstraint+Private.h */,
				C634E58E1F28A28000CCE2F2 /* MASConstraint.h */,
				C634E58F1F28A28000CCE2F2 /* MASConstraint.m */,
				C634E5901F28A28000CCE2F2 /* MASConstraintMaker.h */,
				C634E5911F28A28000CCE2F2 /* MASConstraintMaker.m */,
				C634E5921F28A28000CCE2F2 /* MASLayoutConstraint.h */,
				C634E5931F28A28000CCE2F2 /* MASLayoutConstraint.m */,
				C634E5941F28A28000CCE2F2 /* Masonry.h */,
				C634E5951F28A28000CCE2F2 /* MASUtilities.h */,
				C634E5961F28A28000CCE2F2 /* MASViewAttribute.h */,
				C634E5971F28A28000CCE2F2 /* MASViewAttribute.m */,
				C634E5981F28A28000CCE2F2 /* MASViewConstraint.h */,
				C634E5991F28A28000CCE2F2 /* MASViewConstraint.m */,
				C634E59A1F28A28000CCE2F2 /* NSArray+MASAdditions.h */,
				C634E59B1F28A28000CCE2F2 /* NSArray+MASAdditions.m */,
				C634E59C1F28A28000CCE2F2 /* NSArray+MASShorthandAdditions.h */,
				C634E59D1F28A28000CCE2F2 /* NSLayoutConstraint+MASDebugAdditions.h */,
				C634E59E1F28A28000CCE2F2 /* NSLayoutConstraint+MASDebugAdditions.m */,
				C634E59F1F28A28000CCE2F2 /* View+MASAdditions.h */,
				C634E5A01F28A28000CCE2F2 /* View+MASAdditions.m */,
				C634E5A11F28A28000CCE2F2 /* View+MASShorthandAdditions.h */,
				C634E5A21F28A28000CCE2F2 /* ViewController+MASAdditions.h */,
				C634E5A31F28A28000CCE2F2 /* ViewController+MASAdditions.m */,
			);
			path = Masonry;
			sourceTree = "<group>";
		};
		DB471C25208590E4001FFDA0 /* img */ = {
			isa = PBXGroup;
			children = (
				DB471C26208590E5001FFDA0 /* IMG_1503.PNG */,
				DB471C27208590E5001FFDA0 /* IMG_1504.PNG */,
				DB471C28208590E5001FFDA0 /* IMG_1505.PNG */,
				DB471C29208590E5001FFDA0 /* IMG_1506.PNG */,
				DB471C2A208590E5001FFDA0 /* IMG_1507.PNG */,
				DB471C2B208590E5001FFDA0 /* IMG_1508.PNG */,
				DB471C2C208590E5001FFDA0 /* IMG_1510.PNG */,
				DB471C2D208590E5001FFDA0 /* IMG_1511.PNG */,
				DB471C2E208590E5001FFDA0 /* IMG_1512.PNG */,
			);
			path = img;
			sourceTree = "<group>";
		};
/* End PBXGroup section */

/* Begin PBXNativeTarget section */
		7E72C4361ECC4A4700C54296 /* 仿QQ */ = {
			isa = PBXNativeTarget;
			buildConfigurationList = 7E72C4641ECC4A4800C54296 /* Build configuration list for PBXNativeTarget "仿QQ" */;
			buildPhases = (
				7E72C4331ECC4A4700C54296 /* Sources */,
				7E72C4341ECC4A4700C54296 /* Frameworks */,
				7E72C4351ECC4A4700C54296 /* Resources */,
			);
			buildRules = (
			);
			dependencies = (
			);
			name = "仿QQ";
			productName = "仿QQ";
			productReference = 7E72C4371ECC4A4800C54296 /* 仿QQ.app */;
			productType = "com.apple.product-type.application";
		};
		7E72C44F1ECC4A4800C54296 /* 仿QQTests */ = {
			isa = PBXNativeTarget;
			buildConfigurationList = 7E72C4671ECC4A4800C54296 /* Build configuration list for PBXNativeTarget "仿QQTests" */;
			buildPhases = (
				7E72C44C1ECC4A4800C54296 /* Sources */,
				7E72C44D1ECC4A4800C54296 /* Frameworks */,
				7E72C44E1ECC4A4800C54296 /* Resources */,
			);
			buildRules = (
			);
			dependencies = (
				7E72C4521ECC4A4800C54296 /* PBXTargetDependency */,
			);
			name = "仿QQTests";
			productName = "仿QQTests";
			productReference = 7E72C4501ECC4A4800C54296 /* 仿QQTests.xctest */;
			productType = "com.apple.product-type.bundle.unit-test";
		};
		7E72C45A1ECC4A4800C54296 /* 仿QQUITests */ = {
			isa = PBXNativeTarget;
			buildConfigurationList = 7E72C46A1ECC4A4800C54296 /* Build configuration list for PBXNativeTarget "仿QQUITests" */;
			buildPhases = (
				7E72C4571ECC4A4800C54296 /* Sources */,
				7E72C4581ECC4A4800C54296 /* Frameworks */,
				7E72C4591ECC4A4800C54296 /* Resources */,
			);
			buildRules = (
			);
			dependencies = (
				7E72C45D1ECC4A4800C54296 /* PBXTargetDependency */,
			);
			name = "仿QQUITests";
			productName = "仿QQUITests";
			productReference = 7E72C45B1ECC4A4800C54296 /* 仿QQUITests.xctest */;
			productType = "com.apple.product-type.bundle.ui-testing";
		};
/* End PBXNativeTarget section */

/* Begin PBXProject section */
		7E72C42F1ECC4A4700C54296 /* Project object */ = {
			isa = PBXProject;
			attributes = {
				CLASSPREFIX = Edge;
				LastUpgradeCheck = 0830;
				ORGANIZATIONNAME = Edge;
				TargetAttributes = {
					7E72C4361ECC4A4700C54296 = {
						CreatedOnToolsVersion = 7.3.1;
						DevelopmentTeam = 38C8EM7C65;
					};
					7E72C44F1ECC4A4800C54296 = {
						CreatedOnToolsVersion = 7.3.1;
						DevelopmentTeam = 7JW5QNLXK2;
						TestTargetID = 7E72C4361ECC4A4700C54296;
					};
					7E72C45A1ECC4A4800C54296 = {
						CreatedOnToolsVersion = 7.3.1;
						DevelopmentTeam = 7JW5QNLXK2;
						TestTargetID = 7E72C4361ECC4A4700C54296;
					};
				};
			};
			buildConfigurationList = 7E72C4321ECC4A4700C54296 /* Build configuration list for PBXProject "仿QQ" */;
			compatibilityVersion = "Xcode 3.2";
			developmentRegion = English;
			hasScannedForEncodings = 0;
			knownRegions = (
				en,
				Base,
			);
			mainGroup = 7E72C42E1ECC4A4700C54296;
			productRefGroup = 7E72C4381ECC4A4800C54296 /* Products */;
			projectDirPath = "";
			projectRoot = "";
			targets = (
				7E72C4361ECC4A4700C54296 /* 仿QQ */,
				7E72C44F1ECC4A4800C54296 /* 仿QQTests */,
				7E72C45A1ECC4A4800C54296 /* 仿QQUITests */,
			);
		};
/* End PBXProject section */

/* Begin PBXResourcesBuildPhase section */
		7E72C4351ECC4A4700C54296 /* Resources */ = {
			isa = PBXResourcesBuildPhase;
			buildActionMask = 2147483647;
			files = (
				7E44DF0E1ED6B9BE005B6B26 /* EdgeForgetPassTWOViewController.xib in Resources */,
				DB471C32208590E5001FFDA0 /* IMG_1506.PNG in Resources */,
				7E44DF121ED6B9BE005B6B26 /* EdgeLoginViewConViewController.xib in Resources */,
				7E44DF161ED6B9BE005B6B26 /* EdgeResiterTwoViewController.xib in Resources */,
				7E433E021EDC3EA100DD0327 /* dataPlist.plist in Resources */,
				DB471C37208590E5001FFDA0 /* IMG_1512.PNG in Resources */,
				7E47CBFD1ED6B3BD00C9A552 /* SVProgressHUD.bundle in Resources */,
				DB471C30208590E5001FFDA0 /* IMG_1504.PNG in Resources */,
				7E72C4471ECC4A4800C54296 /* Assets.xcassets in Resources */,
				C606CE401F2EB9AF00917F04 /* Info.plist in Resources */,
				DB471C36208590E5001FFDA0 /* IMG_1511.PNG in Resources */,
				7E44DF101ED6B9BE005B6B26 /* EdgeForgetPasswardViewController.xib in Resources */,
				DB471C31208590E5001FFDA0 /* IMG_1505.PNG in Resources */,
				7E4B291A1ED071DF003DE423 /* json.plist in Resources */,
				7E47CBC11ED5871000C9A552 /* EdgemoreViewController.xib in Resources */,
				DB471C35208590E5001FFDA0 /* IMG_1510.PNG in Resources */,
				DB471C34208590E5001FFDA0 /* IMG_1508.PNG in Resources */,
				7E433E041EDC3EA100DD0327 /* EdgeChatViewController.xib in Resources */,
				7E44DF141ED6B9BE005B6B26 /* EdgeRegisteredViewController.xib in Resources */,
				DB471C33208590E5001FFDA0 /* IMG_1507.PNG in Resources */,
				7E47CBFA1ED6B3BD00C9A552 /* SMSSDKUI.bundle in Resources */,
				DB471C2F208590E5001FFDA0 /* IMG_1503.PNG in Resources */,
				7E4B29131ED071DF003DE423 /* EdgetopView.xib in Resources */,
			);
			runOnlyForDeploymentPostprocessing = 0;
		};
		7E72C44E1ECC4A4800C54296 /* Resources */ = {
			isa = PBXResourcesBuildPhase;
			buildActionMask = 2147483647;
			files = (
			);
			runOnlyForDeploymentPostprocessing = 0;
		};
		7E72C4591ECC4A4800C54296 /* Resources */ = {
			isa = PBXResourcesBuildPhase;
			buildActionMask = 2147483647;
			files = (
			);
			runOnlyForDeploymentPostprocessing = 0;
		};
/* End PBXResourcesBuildPhase section */

/* Begin PBXSourcesBuildPhase section */
		7E72C4331ECC4A4700C54296 /* Sources */ = {
			isa = PBXSourcesBuildPhase;
			buildActionMask = 2147483647;
			files = (
				7E44DF131ED6B9BE005B6B26 /* EdgeRegisteredViewController.m in Sources */,
				C606CE461F2EB9AF00917F04 /* NSObject+MJClass.m in Sources */,
				C606CE491F2EB9AF00917F04 /* NSObject+MJProperty.m in Sources */,
				7E4B290F1ED071DF003DE423 /* EdgeGroup.m in Sources */,
				C631D3EA1F2E1A4700B0E840 /* FMDatabase.m in Sources */,
				C606CE0C1F2EB20900917F04 /* EdgeCustomTableViewCell.m in Sources */,
				C634E5B31F28A30100CCE2F2 /* UIView_extra.m in Sources */,
				C631D3EC1F2E1A4700B0E840 /* FMDatabasePool.m in Sources */,
				C634E5881F28A24A00CCE2F2 /* LeftSlideViewController.m in Sources */,
				C634E5AA1F28A28000CCE2F2 /* NSArray+MASAdditions.m in Sources */,
				7E4B29141ED071DF003DE423 /* EdgeInfomationViewController.m in Sources */,
				7E47CBC01ED5871000C9A552 /* EdgemoreViewController.m in Sources */,
				C634E5AC1F28A28000CCE2F2 /* View+MASAdditions.m in Sources */,
				C606CE501F2EB9AF00917F04 /* SBJsonStreamParserState.m in Sources */,
				C634E5A41F28A28000CCE2F2 /* MASCompositeConstraint.m in Sources */,
				7E4B29171ED071DF003DE423 /* UIImage+EdgeImage.m in Sources */,
				7E4B29151ED071DF003DE423 /* AppDelegate.m in Sources */,
				7E47CBFE1ED6B3BD00C9A552 /* SVProgressHUD.m in Sources */,
				C606CE521F2EB9AF00917F04 /* SBJsonStreamWriterAccumulator.m in Sources */,
				C606CE531F2EB9AF00917F04 /* SBJsonStreamWriterState.m in Sources */,
				7E44DF111ED6B9BE005B6B26 /* EdgeLoginViewConViewController.m in Sources */,
				7E44DF0F1ED6B9BE005B6B26 /* EdgeForgetPasswardViewController.m in Sources */,
				C606CE5A1F2EB9FF00917F04 /* BaseFMDBOption.m in Sources */,
				7E4B29121ED071DF003DE423 /* EdgetopView.m in Sources */,
				C606CE471F2EB9AF00917F04 /* NSObject+MJCoding.m in Sources */,
				C606CE031F2EB0FA00917F04 /* modelFream.m in Sources */,
				7E4B290D1ED071DF003DE423 /* EdgeContactViewController.m in Sources */,
				C634E5A81F28A28000CCE2F2 /* MASViewAttribute.m in Sources */,
				C606CE4A1F2EB9AF00917F04 /* NSString+MJExtension.m in Sources */,
				7E44DF0D1ED6B9BE005B6B26 /* EdgeForgetPassTWOViewController.m in Sources */,
				C634E5A51F28A28000CCE2F2 /* MASConstraint.m in Sources */,
				7E433E031EDC3EA100DD0327 /* EdgeChatViewController.m in Sources */,
				C606CE4B1F2EB9AF00917F04 /* NSObject+SBJson.m in Sources */,
				7E4B290E1ED071DF003DE423 /* EdgeContacts.m in Sources */,
				C606CE561F2EB9AF00917F04 /* SBJsonWriter.m in Sources */,
				7E4B29111ED071DF003DE423 /* EdgeDynamicViewController.m in Sources */,
				C634E5A61F28A28000CCE2F2 /* MASConstraintMaker.m in Sources */,
				7E47CBFC1ED6B3BD00C9A552 /* SVProgressAnimatedView.m in Sources */,
				7E47CBFF1ED6B3BD00C9A552 /* SVRadialGradientLayer.m in Sources */,
				C634E5AD1F28A28000CCE2F2 /* ViewController+MASAdditions.m in Sources */,
				C606CE451F2EB9AF00917F04 /* MJPropertyType.m in Sources */,
				7E4B29191ED071DF003DE423 /* EdgeRootTabBarViewController.m in Sources */,
				7E47CBFB1ED6B3BD00C9A552 /* SVIndefiniteAnimatedView.m in Sources */,
				C606CE021F2EB0FA00917F04 /* dataModel.m in Sources */,
				C634E5AB1F28A28000CCE2F2 /* NSLayoutConstraint+MASDebugAdditions.m in Sources */,
				7E4B29161ED071DF003DE423 /* UIBarButtonItem+EdgeExention.m in Sources */,
				C634E5A91F28A28000CCE2F2 /* MASViewConstraint.m in Sources */,
				C631D3ED1F2E1A4700B0E840 /* FMDatabaseQueue.m in Sources */,
				C606CE551F2EB9AF00917F04 /* SBJsonUTF8Stream.m in Sources */,
				C606CE481F2EB9AF00917F04 /* NSObject+MJKeyValue.m in Sources */,
				C606CE431F2EB9AF00917F04 /* MJProperty.m in Sources */,
				C606CE511F2EB9AF00917F04 /* SBJsonStreamWriter.m in Sources */,
				7EB78EAD1ED09F9B0011642C /* EdgeEditContactController.m in Sources */,
				C60C97281F283A6D007DEBAC /* EdgeRootViewController.m in Sources */,
				C606CE421F2EB9AF00917F04 /* MJFoundation.m in Sources */,
				C631D3EB1F2E1A4700B0E840 /* FMDatabaseAdditions.m in Sources */,
				C606CE541F2EB9AF00917F04 /* SBJsonTokeniser.m in Sources */,
				C606CE411F2EB9AF00917F04 /* MJExtensionConst.m in Sources */,
				C606CE4E1F2EB9AF00917F04 /* SBJsonStreamParserAccumulator.m in Sources */,
				C634E5A71F28A28000CCE2F2 /* MASLayoutConstraint.m in Sources */,
				C606CE4C1F2EB9AF00917F04 /* SBJsonParser.m in Sources */,
				C631D3EE1F2E1A4700B0E840 /* FMResultSet.m in Sources */,
				C606CE4F1F2EB9AF00917F04 /* SBJsonStreamParserAdapter.m in Sources */,
				C634E5891F28A24A00CCE2F2 /* LeftSortsViewController.m in Sources */,
				7E44DF151ED6B9BE005B6B26 /* EdgeResiterTwoViewController.m in Sources */,
				C606CE441F2EB9AF00917F04 /* MJPropertyKey.m in Sources */,
				C606CE4D1F2EB9AF00917F04 /* SBJsonStreamParser.m in Sources */,
				7E72C43C1ECC4A4800C54296 /* main.m in Sources */,
				7E4B29101ED071DF003DE423 /* BRContactsCell.m in Sources */,
				C606CE5D1F2EBAE500917F04 /* EdgeInfoOptions.m in Sources */,
			);
			runOnlyForDeploymentPostprocessing = 0;
		};
		7E72C44C1ECC4A4800C54296 /* Sources */ = {
			isa = PBXSourcesBuildPhase;
			buildActionMask = 2147483647;
			files = (
				7E72C4551ECC4A4800C54296 /* _QQTests.m in Sources */,
			);
			runOnlyForDeploymentPostprocessing = 0;
		};
		7E72C4571ECC4A4800C54296 /* Sources */ = {
			isa = PBXSourcesBuildPhase;
			buildActionMask = 2147483647;
			files = (
				7E72C4601ECC4A4800C54296 /* _QQUITests.m in Sources */,
			);
			runOnlyForDeploymentPostprocessing = 0;
		};
/* End PBXSourcesBuildPhase section */

/* Begin PBXTargetDependency section */
		7E72C4521ECC4A4800C54296 /* PBXTargetDependency */ = {
			isa = PBXTargetDependency;
			target = 7E72C4361ECC4A4700C54296 /* 仿QQ */;
			targetProxy = 7E72C4511ECC4A4800C54296 /* PBXContainerItemProxy */;
		};
		7E72C45D1ECC4A4800C54296 /* PBXTargetDependency */ = {
			isa = PBXTargetDependency;
			target = 7E72C4361ECC4A4700C54296 /* 仿QQ */;
			targetProxy = 7E72C45C1ECC4A4800C54296 /* PBXContainerItemProxy */;
		};
/* End PBXTargetDependency section */

/* Begin XCBuildConfiguration section */
		7E72C4621ECC4A4800C54296 /* Debug */ = {
			isa = XCBuildConfiguration;
			buildSettings = {
				ALWAYS_SEARCH_USER_PATHS = NO;
				CLANG_ANALYZER_NONNULL = YES;
				CLANG_CXX_LANGUAGE_STANDARD = "gnu++0x";
				CLANG_CXX_LIBRARY = "libc++";
				CLANG_ENABLE_MODULES = YES;
				CLANG_ENABLE_OBJC_ARC = YES;
				CLANG_WARN_BOOL_CONVERSION = YES;
				CLANG_WARN_CONSTANT_CONVERSION = YES;
				CLANG_WARN_DIRECT_OBJC_ISA_USAGE = YES_ERROR;
				CLANG_WARN_EMPTY_BODY = YES;
				CLANG_WARN_ENUM_CONVERSION = YES;
				CLANG_WARN_INFINITE_RECURSION = YES;
				CLANG_WARN_INT_CONVERSION = YES;
				CLANG_WARN_OBJC_ROOT_CLASS = YES_ERROR;
				CLANG_WARN_SUSPICIOUS_MOVE = YES;
				CLANG_WARN_UNREACHABLE_CODE = YES;
				CLANG_WARN__DUPLICATE_METHOD_MATCH = YES;
				"CODE_SIGN_IDENTITY[sdk=iphoneos*]" = "iPhone Developer";
				COPY_PHASE_STRIP = NO;
				DEBUG_INFORMATION_FORMAT = dwarf;
				ENABLE_STRICT_OBJC_MSGSEND = YES;
				ENABLE_TESTABILITY = YES;
				GCC_C_LANGUAGE_STANDARD = gnu99;
				GCC_DYNAMIC_NO_PIC = NO;
				GCC_NO_COMMON_BLOCKS = YES;
				GCC_OPTIMIZATION_LEVEL = 0;
				GCC_PREPROCESSOR_DEFINITIONS = (
					"DEBUG=1",
					"$(inherited)",
				);
				GCC_WARN_64_TO_32_BIT_CONVERSION = YES;
				GCC_WARN_ABOUT_RETURN_TYPE = YES_ERROR;
				GCC_WARN_UNDECLARED_SELECTOR = YES;
				GCC_WARN_UNINITIALIZED_AUTOS = YES_AGGRESSIVE;
				GCC_WARN_UNUSED_FUNCTION = YES;
				GCC_WARN_UNUSED_VARIABLE = YES;
				IPHONEOS_DEPLOYMENT_TARGET = 8.0;
				MTL_ENABLE_DEBUG_INFO = YES;
				ONLY_ACTIVE_ARCH = YES;
				SDKROOT = iphoneos;
				TARGETED_DEVICE_FAMILY = "1,2";
			};
			name = Debug;
		};
		7E72C4631ECC4A4800C54296 /* Release */ = {
			isa = XCBuildConfiguration;
			buildSettings = {
				ALWAYS_SEARCH_USER_PATHS = NO;
				CLANG_ANALYZER_NONNULL = YES;
				CLANG_CXX_LANGUAGE_STANDARD = "gnu++0x";
				CLANG_CXX_LIBRARY = "libc++";
				CLANG_ENABLE_MODULES = YES;
				CLANG_ENABLE_OBJC_ARC = YES;
				CLANG_WARN_BOOL_CONVERSION = YES;
				CLANG_WARN_CONSTANT_CONVERSION = YES;
				CLANG_WARN_DIRECT_OBJC_ISA_USAGE = YES_ERROR;
				CLANG_WARN_EMPTY_BODY = YES;
				CLANG_WARN_ENUM_CONVERSION = YES;
				CLANG_WARN_INFINITE_RECURSION = YES;
				CLANG_WARN_INT_CONVERSION = YES;
				CLANG_WARN_OBJC_ROOT_CLASS = YES_ERROR;
				CLANG_WARN_SUSPICIOUS_MOVE = YES;
				CLANG_WARN_UNREACHABLE_CODE = YES;
				CLANG_WARN__DUPLICATE_METHOD_MATCH = YES;
				"CODE_SIGN_IDENTITY[sdk=iphoneos*]" = "iPhone Developer";
				COPY_PHASE_STRIP = NO;
				DEBUG_INFORMATION_FORMAT = "dwarf-with-dsym";
				ENABLE_NS_ASSERTIONS = NO;
				ENABLE_STRICT_OBJC_MSGSEND = YES;
				GCC_C_LANGUAGE_STANDARD = gnu99;
				GCC_NO_COMMON_BLOCKS = YES;
				GCC_WARN_64_TO_32_BIT_CONVERSION = YES;
				GCC_WARN_ABOUT_RETURN_TYPE = YES_ERROR;
				GCC_WARN_UNDECLARED_SELECTOR = YES;
				GCC_WARN_UNINITIALIZED_AUTOS = YES_AGGRESSIVE;
				GCC_WARN_UNUSED_FUNCTION = YES;
				GCC_WARN_UNUSED_VARIABLE = YES;
				IPHONEOS_DEPLOYMENT_TARGET = 8.0;
				MTL_ENABLE_DEBUG_INFO = NO;
				SDKROOT = iphoneos;
				TARGETED_DEVICE_FAMILY = "1,2";
				VALIDATE_PRODUCT = YES;
			};
			name = Release;
		};
		7E72C4651ECC4A4800C54296 /* Debug */ = {
			isa = XCBuildConfiguration;
			buildSettings = {
				ASSETCATALOG_COMPILER_APPICON_NAME = AppIcon;
				ASSETCATALOG_COMPILER_LAUNCHIMAGE_NAME = "Brand Assets";
				DEVELOPMENT_TEAM = 38C8EM7C65;
				FRAMEWORK_SEARCH_PATHS = (
					"$(inherited)",
					"$(PROJECT_DIR)/SMS_SDK",
				);
				GCC_PRECOMPILE_PREFIX_HEADER = YES;
				GCC_PREFIX_HEADER = "仿QQ/Classes/Other-其它/PrefixHeader.pch";
				INFOPLIST_FILE = "仿QQ/Info.plist";
				IPHONEOS_DEPLOYMENT_TARGET = 8.0;
				LD_RUNPATH_SEARCH_PATHS = "$(inherited) @executable_path/Frameworks";
				PRODUCT_BUNDLE_IDENTIFIER = "com.Edhe.-QQ";
				PRODUCT_NAME = "$(TARGET_NAME)";
				SDKROOT = iphoneos10.3;
			};
			name = Debug;
		};
		7E72C4661ECC4A4800C54296 /* Release */ = {
			isa = XCBuildConfiguration;
			buildSettings = {
				ASSETCATALOG_COMPILER_APPICON_NAME = AppIcon;
				ASSETCATALOG_COMPILER_LAUNCHIMAGE_NAME = "Brand Assets";
				DEVELOPMENT_TEAM = 38C8EM7C65;
				FRAMEWORK_SEARCH_PATHS = (
					"$(inherited)",
					"$(PROJECT_DIR)/SMS_SDK",
				);
				GCC_PRECOMPILE_PREFIX_HEADER = YES;
				GCC_PREFIX_HEADER = "仿QQ/Classes/Other-其它/PrefixHeader.pch";
				INFOPLIST_FILE = "仿QQ/Info.plist";
				IPHONEOS_DEPLOYMENT_TARGET = 8.0;
				LD_RUNPATH_SEARCH_PATHS = "$(inherited) @executable_path/Frameworks";
				PRODUCT_BUNDLE_IDENTIFIER = "com.Edhe.-QQ";
				PRODUCT_NAME = "$(TARGET_NAME)";
				SDKROOT = iphoneos10.3;
			};
			name = Release;
		};
		7E72C4681ECC4A4800C54296 /* Debug */ = {
			isa = XCBuildConfiguration;
			buildSettings = {
				BUNDLE_LOADER = "$(TEST_HOST)";
				INFOPLIST_FILE = "仿QQTests/Info.plist";
				LD_RUNPATH_SEARCH_PATHS = "$(inherited) @executable_path/Frameworks @loader_path/Frameworks";
				PRODUCT_BUNDLE_IDENTIFIER = "com.Edhe.-QQTests";
				PRODUCT_NAME = "$(TARGET_NAME)";
				TEST_HOST = "$(BUILT_PRODUCTS_DIR)/仿QQ.app/仿QQ";
			};
			name = Debug;
		};
		7E72C4691ECC4A4800C54296 /* Release */ = {
			isa = XCBuildConfiguration;
			buildSettings = {
				BUNDLE_LOADER = "$(TEST_HOST)";
				INFOPLIST_FILE = "仿QQTests/Info.plist";
				LD_RUNPATH_SEARCH_PATHS = "$(inherited) @executable_path/Frameworks @loader_path/Frameworks";
				PRODUCT_BUNDLE_IDENTIFIER = "com.Edhe.-QQTests";
				PRODUCT_NAME = "$(TARGET_NAME)";
				TEST_HOST = "$(BUILT_PRODUCTS_DIR)/仿QQ.app/仿QQ";
			};
			name = Release;
		};
		7E72C46B1ECC4A4800C54296 /* Debug */ = {
			isa = XCBuildConfiguration;
			buildSettings = {
				INFOPLIST_FILE = "仿QQUITests/Info.plist";
				LD_RUNPATH_SEARCH_PATHS = "$(inherited) @executable_path/Frameworks @loader_path/Frameworks";
				PRODUCT_BUNDLE_IDENTIFIER = "com.Edhe.-QQUITests";
				PRODUCT_NAME = "$(TARGET_NAME)";
				TEST_TARGET_NAME = "仿QQ";
			};
			name = Debug;
		};
		7E72C46C1ECC4A4800C54296 /* Release */ = {
			isa = XCBuildConfiguration;
			buildSettings = {
				INFOPLIST_FILE = "仿QQUITests/Info.plist";
				LD_RUNPATH_SEARCH_PATHS = "$(inherited) @executable_path/Frameworks @loader_path/Frameworks";
				PRODUCT_BUNDLE_IDENTIFIER = "com.Edhe.-QQUITests";
				PRODUCT_NAME = "$(TARGET_NAME)";
				TEST_TARGET_NAME = "仿QQ";
			};
			name = Release;
		};
/* End XCBuildConfiguration section */

/* Begin XCConfigurationList section */
		7E72C4321ECC4A4700C54296 /* Build configuration list for PBXProject "仿QQ" */ = {
			isa = XCConfigurationList;
			buildConfigurations = (
				7E72C4621ECC4A4800C54296 /* Debug */,
				7E72C4631ECC4A4800C54296 /* Release */,
			);
			defaultConfigurationIsVisible = 0;
			defaultConfigurationName = Release;
		};
		7E72C4641ECC4A4800C54296 /* Build configuration list for PBXNativeTarget "仿QQ" */ = {
			isa = XCConfigurationList;
			buildConfigurations = (
				7E72C4651ECC4A4800C54296 /* Debug */,
				7E72C4661ECC4A4800C54296 /* Release */,
			);
			defaultConfigurationIsVisible = 0;
			defaultConfigurationName = Release;
		};
		7E72C4671ECC4A4800C54296 /* Build configuration list for PBXNativeTarget "仿QQTests" */ = {
			isa = XCConfigurationList;
			buildConfigurations = (
				7E72C4681ECC4A4800C54296 /* Debug */,
				7E72C4691ECC4A4800C54296 /* Release */,
			);
			defaultConfigurationIsVisible = 0;
			defaultConfigurationName = Release;
		};
		7E72C46A1ECC4A4800C54296 /* Build configuration list for PBXNativeTarget "仿QQUITests" */ = {
			isa = XCConfigurationList;
			buildConfigurations = (
				7E72C46B1ECC4A4800C54296 /* Debug */,
				7E72C46C1ECC4A4800C54296 /* Release */,
			);
			defaultConfigurationIsVisible = 0;
			defaultConfigurationName = Release;
		};
/* End XCConfigurationList section */
	};
	rootObject = 7E72C42F1ECC4A4700C54296 /* Project object */;
}
